// !$*UTF8*$!
{
	archiveVersion = 1;
	classes = {
	};
	objectVersion = 51;
	objects = {

/* Begin PBXBuildFile section */
		1450EC3625600CD800750D03 /* AppDelegate.swift in Sources */ = {isa = PBXBuildFile; fileRef = 1450EC3525600CD800750D03 /* AppDelegate.swift */; };
		1450EC3825600CD800750D03 /* SceneDelegate.swift in Sources */ = {isa = PBXBuildFile; fileRef = 1450EC3725600CD800750D03 /* SceneDelegate.swift */; };
		1450EC3D25600CD800750D03 /* Main.storyboard in Resources */ = {isa = PBXBuildFile; fileRef = 1450EC3B25600CD800750D03 /* Main.storyboard */; };
		1450EC4225600CD900750D03 /* Assets.xcassets in Resources */ = {isa = PBXBuildFile; fileRef = 1450EC4125600CD900750D03 /* Assets.xcassets */; };
		1450EC4525600CD900750D03 /* LaunchScreen.storyboard in Resources */ = {isa = PBXBuildFile; fileRef = 1450EC4325600CD900750D03 /* LaunchScreen.storyboard */; };
		145BC7E92565C7AC00AB9049 /* TestViewController.swift in Sources */ = {isa = PBXBuildFile; fileRef = 145BC7E82565C7AC00AB9049 /* TestViewController.swift */; };
		145BC7EC2565D48900AB9049 /* AnswerButton.swift in Sources */ = {isa = PBXBuildFile; fileRef = 145BC7EB2565D48900AB9049 /* AnswerButton.swift */; };
		14D752C225656AB80033B313 /* HomeViewController.swift in Sources */ = {isa = PBXBuildFile; fileRef = 14D752C125656AB80033B313 /* HomeViewController.swift */; };
		14D752C525657B500033B313 /* AllTestsTableViewController.swift in Sources */ = {isa = PBXBuildFile; fileRef = 14D752C425657B500033B313 /* AllTestsTableViewController.swift */; };
		14D752CC256585790033B313 /* PresentationController.swift in Sources */ = {isa = PBXBuildFile; fileRef = 14D752CB256585790033B313 /* PresentationController.swift */; };
		14D752CF256587F40033B313 /* OverlayView.xib in Resources */ = {isa = PBXBuildFile; fileRef = 14D752CE256587F40033B313 /* OverlayView.xib */; };
		14D752D2256588C30033B313 /* OverlayView.swift in Sources */ = {isa = PBXBuildFile; fileRef = 14D752D1256588C30033B313 /* OverlayView.swift */; };
		14DB3ED7256910B50044CD35 /* Question.swift in Sources */ = {isa = PBXBuildFile; fileRef = 14DB3ED6256910B50044CD35 /* Question.swift */; };
		14DB3EDB256911690044CD35 /* Test.swift in Sources */ = {isa = PBXBuildFile; fileRef = 14DB3EDA256911690044CD35 /* Test.swift */; };
		62B6C31D86917353F5652271 /* Pods_FlightTests.framework in Frameworks */ = {isa = PBXBuildFile; fileRef = 19225FCBD3940B16B3620281 /* Pods_FlightTests.framework */; };
/* End PBXBuildFile section */

/* Begin PBXFileReference section */
		1450EC3225600CD800750D03 /* FlightTests.app */ = {isa = PBXFileReference; explicitFileType = wrapper.application; includeInIndex = 0; path = FlightTests.app; sourceTree = BUILT_PRODUCTS_DIR; };
		1450EC3525600CD800750D03 /* AppDelegate.swift */ = {isa = PBXFileReference; lastKnownFileType = sourcecode.swift; path = AppDelegate.swift; sourceTree = "<group>"; };
		1450EC3725600CD800750D03 /* SceneDelegate.swift */ = {isa = PBXFileReference; lastKnownFileType = sourcecode.swift; path = SceneDelegate.swift; sourceTree = "<group>"; };
		1450EC3C25600CD800750D03 /* Base */ = {isa = PBXFileReference; lastKnownFileType = file.storyboard; name = Base; path = Base.lproj/Main.storyboard; sourceTree = "<group>"; };
		1450EC4125600CD900750D03 /* Assets.xcassets */ = {isa = PBXFileReference; lastKnownFileType = folder.assetcatalog; path = Assets.xcassets; sourceTree = "<group>"; };
		1450EC4425600CD900750D03 /* Base */ = {isa = PBXFileReference; lastKnownFileType = file.storyboard; name = Base; path = Base.lproj/LaunchScreen.storyboard; sourceTree = "<group>"; };
		1450EC4625600CD900750D03 /* Info.plist */ = {isa = PBXFileReference; lastKnownFileType = text.plist.xml; path = Info.plist; sourceTree = "<group>"; };
		145BC7E82565C7AC00AB9049 /* TestViewController.swift */ = {isa = PBXFileReference; lastKnownFileType = sourcecode.swift; path = TestViewController.swift; sourceTree = "<group>"; };
		145BC7EB2565D48900AB9049 /* AnswerButton.swift */ = {isa = PBXFileReference; lastKnownFileType = sourcecode.swift; path = AnswerButton.swift; sourceTree = "<group>"; };
		14D752C125656AB80033B313 /* HomeViewController.swift */ = {isa = PBXFileReference; lastKnownFileType = sourcecode.swift; path = HomeViewController.swift; sourceTree = "<group>"; };
		14D752C425657B500033B313 /* AllTestsTableViewController.swift */ = {isa = PBXFileReference; lastKnownFileType = sourcecode.swift; path = AllTestsTableViewController.swift; sourceTree = "<group>"; };
		14D752CB256585790033B313 /* PresentationController.swift */ = {isa = PBXFileReference; lastKnownFileType = sourcecode.swift; path = PresentationController.swift; sourceTree = "<group>"; };
		14D752CE256587F40033B313 /* OverlayView.xib */ = {isa = PBXFileReference; lastKnownFileType = file.xib; path = OverlayView.xib; sourceTree = "<group>"; };
		14D752D1256588C30033B313 /* OverlayView.swift */ = {isa = PBXFileReference; lastKnownFileType = sourcecode.swift; path = OverlayView.swift; sourceTree = "<group>"; };
		14DB3ED6256910B50044CD35 /* Question.swift */ = {isa = PBXFileReference; lastKnownFileType = sourcecode.swift; path = Question.swift; sourceTree = "<group>"; };
		14DB3EDA256911690044CD35 /* Test.swift */ = {isa = PBXFileReference; lastKnownFileType = sourcecode.swift; path = Test.swift; sourceTree = "<group>"; };
		19225FCBD3940B16B3620281 /* Pods_FlightTests.framework */ = {isa = PBXFileReference; explicitFileType = wrapper.framework; includeInIndex = 0; path = Pods_FlightTests.framework; sourceTree = BUILT_PRODUCTS_DIR; };
		3E857DDF5146B2BA0F9B5CA5 /* Pods-FlightTests.release.xcconfig */ = {isa = PBXFileReference; includeInIndex = 1; lastKnownFileType = text.xcconfig; name = "Pods-FlightTests.release.xcconfig"; path = "Target Support Files/Pods-FlightTests/Pods-FlightTests.release.xcconfig"; sourceTree = "<group>"; };
		C4D6BAE38E5553F877F7BBB9 /* Pods-FlightTests.debug.xcconfig */ = {isa = PBXFileReference; includeInIndex = 1; lastKnownFileType = text.xcconfig; name = "Pods-FlightTests.debug.xcconfig"; path = "Target Support Files/Pods-FlightTests/Pods-FlightTests.debug.xcconfig"; sourceTree = "<group>"; };
/* End PBXFileReference section */

/* Begin PBXFrameworksBuildPhase section */
		1450EC2F25600CD800750D03 /* Frameworks */ = {
			isa = PBXFrameworksBuildPhase;
			buildActionMask = 2147483647;
			files = (
				62B6C31D86917353F5652271 /* Pods_FlightTests.framework in Frameworks */,
			);
			runOnlyForDeploymentPostprocessing = 0;
		};
/* End PBXFrameworksBuildPhase section */

/* Begin PBXGroup section */
		0256D4FF5745A451E152BAA0 /* Frameworks */ = {
			isa = PBXGroup;
			children = (
				19225FCBD3940B16B3620281 /* Pods_FlightTests.framework */,
			);
			name = Frameworks;
			sourceTree = "<group>";
		};
		1450EC2925600CD800750D03 = {
			isa = PBXGroup;
			children = (
				1450EC3425600CD800750D03 /* FlightTests */,
				0256D4FF5745A451E152BAA0 /* Frameworks */,
				7CEB1CFC768B2D2A99C45E93 /* Pods */,
				1450EC3325600CD800750D03 /* Products */,
			);
			sourceTree = "<group>";
		};
		1450EC3325600CD800750D03 /* Products */ = {
			isa = PBXGroup;
			children = (
				1450EC3225600CD800750D03 /* FlightTests.app */,
			);
			name = Products;
			sourceTree = "<group>";
		};
		1450EC3425600CD800750D03 /* FlightTests */ = {
			isa = PBXGroup;
			children = (
				14DB3EDD256912B90044CD35 /* Controllers */,
				14DB3ED5256910AB0044CD35 /* Model */,
				14D752A8256561B70033B313 /* Assets */,
				14D752BD2565685C0033B313 /* Splash */,
				1450EC3525600CD800750D03 /* AppDelegate.swift */,
				1450EC4625600CD900750D03 /* Info.plist */,
				1450EC4325600CD900750D03 /* LaunchScreen.storyboard */,
				14D752D1256588C30033B313 /* OverlayView.swift */,
				1450EC3B25600CD800750D03 /* Main.storyboard */,
				145BC7EB2565D48900AB9049 /* AnswerButton.swift */,
				14D752C425657B500033B313 /* AllTestsTableViewController.swift */,
				1450EC3725600CD800750D03 /* SceneDelegate.swift */,
				14D752C125656AB80033B313 /* HomeViewController.swift */,
				14D752CB256585790033B313 /* PresentationController.swift */,
				14D752CE256587F40033B313 /* OverlayView.xib */,
			);
			path = FlightTests;
			sourceTree = "<group>";
		};
		14D752A8256561B70033B313 /* Assets */ = {
			isa = PBXGroup;
			children = (
				1450EC4125600CD900750D03 /* Assets.xcassets */,
			);
			path = Assets;
			sourceTree = "<group>";
		};
		14D752BD2565685C0033B313 /* Splash */ = {
			isa = PBXGroup;
			children = (
			);
			path = Splash;
			sourceTree = "<group>";
		};
		14DB3ED5256910AB0044CD35 /* Model */ = {
			isa = PBXGroup;
			children = (
				14DB3ED6256910B50044CD35 /* Question.swift */,
				14DB3EDA256911690044CD35 /* Test.swift */,
			);
			path = Model;
			sourceTree = "<group>";
		};
		14DB3EDD256912B90044CD35 /* Controllers */ = {
			isa = PBXGroup;
			children = (
				145BC7E82565C7AC00AB9049 /* TestViewController.swift */,
			);
			path = Controllers;
			sourceTree = "<group>";
		};
		7CEB1CFC768B2D2A99C45E93 /* Pods */ = {
			isa = PBXGroup;
			children = (
				C4D6BAE38E5553F877F7BBB9 /* Pods-FlightTests.debug.xcconfig */,
				3E857DDF5146B2BA0F9B5CA5 /* Pods-FlightTests.release.xcconfig */,
			);
			path = Pods;
			sourceTree = "<group>";
		};
/* End PBXGroup section */

/* Begin PBXNativeTarget section */
		1450EC3125600CD800750D03 /* FlightTests */ = {
			isa = PBXNativeTarget;
			buildConfigurationList = 1450EC4925600CD900750D03 /* Build configuration list for PBXNativeTarget "FlightTests" */;
			buildPhases = (
				5E035413605776591F1CED16 /* [CP] Check Pods Manifest.lock */,
				1450EC2E25600CD800750D03 /* Sources */,
				1450EC2F25600CD800750D03 /* Frameworks */,
				1450EC3025600CD800750D03 /* Resources */,
				DF77F8C1D8884F6F98FE7476 /* [CP] Embed Pods Frameworks */,
			);
			buildRules = (
			);
			dependencies = (
			);
			name = FlightTests;
			productName = FlightTests;
			productReference = 1450EC3225600CD800750D03 /* FlightTests.app */;
			productType = "com.apple.product-type.application";
		};
/* End PBXNativeTarget section */

/* Begin PBXProject section */
		1450EC2A25600CD800750D03 /* Project object */ = {
			isa = PBXProject;
			attributes = {
				KnownAssetTags = (
					0,
					1,
				);
				LastSwiftUpdateCheck = 1220;
				LastUpgradeCheck = 1220;
				TargetAttributes = {
					1450EC3125600CD800750D03 = {
						CreatedOnToolsVersion = 12.2;
					};
				};
			};
			buildConfigurationList = 1450EC2D25600CD800750D03 /* Build configuration list for PBXProject "FlightTests" */;
			compatibilityVersion = "Xcode 9.3";
			developmentRegion = en;
			hasScannedForEncodings = 0;
			knownRegions = (
				en,
				Base,
			);
			mainGroup = 1450EC2925600CD800750D03;
			productRefGroup = 1450EC3325600CD800750D03 /* Products */;
			projectDirPath = "";
			projectRoot = "";
			targets = (
				1450EC3125600CD800750D03 /* FlightTests */,
			);
		};
/* End PBXProject section */

/* Begin PBXResourcesBuildPhase section */
		1450EC3025600CD800750D03 /* Resources */ = {
			isa = PBXResourcesBuildPhase;
			buildActionMask = 2147483647;
			files = (
				1450EC4525600CD900750D03 /* LaunchScreen.storyboard in Resources */,
				14D752CF256587F40033B313 /* OverlayView.xib in Resources */,
				1450EC4225600CD900750D03 /* Assets.xcassets in Resources */,
				1450EC3D25600CD800750D03 /* Main.storyboard in Resources */,
			);
			runOnlyForDeploymentPostprocessing = 0;
		};
/* End PBXResourcesBuildPhase section */

/* Begin PBXShellScriptBuildPhase section */
		5E035413605776591F1CED16 /* [CP] Check Pods Manifest.lock */ = {
			isa = PBXShellScriptBuildPhase;
			buildActionMask = 2147483647;
			files = (
			);
			inputFileListPaths = (
			);
			inputPaths = (
				"${PODS_PODFILE_DIR_PATH}/Podfile.lock",
				"${PODS_ROOT}/Manifest.lock",
			);
			name = "[CP] Check Pods Manifest.lock";
			outputFileListPaths = (
			);
			outputPaths = (
				"$(DERIVED_FILE_DIR)/Pods-FlightTests-checkManifestLockResult.txt",
			);
			runOnlyForDeploymentPostprocessing = 0;
			shellPath = /bin/sh;
			shellScript = "diff \"${PODS_PODFILE_DIR_PATH}/Podfile.lock\" \"${PODS_ROOT}/Manifest.lock\" > /dev/null\nif [ $? != 0 ] ; then\n    # print error to STDERR\n    echo \"error: The sandbox is not in sync with the Podfile.lock. Run 'pod install' or update your CocoaPods installation.\" >&2\n    exit 1\nfi\n# This output is used by Xcode 'outputs' to avoid re-running this script phase.\necho \"SUCCESS\" > \"${SCRIPT_OUTPUT_FILE_0}\"\n";
			showEnvVarsInLog = 0;
		};
		DF77F8C1D8884F6F98FE7476 /* [CP] Embed Pods Frameworks */ = {
			isa = PBXShellScriptBuildPhase;
			buildActionMask = 2147483647;
			files = (
			);
			inputFileListPaths = (
				"${PODS_ROOT}/Target Support Files/Pods-FlightTests/Pods-FlightTests-frameworks-${CONFIGURATION}-input-files.xcfilelist",
			);
			name = "[CP] Embed Pods Frameworks";
			outputFileListPaths = (
				"${PODS_ROOT}/Target Support Files/Pods-FlightTests/Pods-FlightTests-frameworks-${CONFIGURATION}-output-files.xcfilelist",
			);
			runOnlyForDeploymentPostprocessing = 0;
			shellPath = /bin/sh;
			shellScript = "\"${PODS_ROOT}/Target Support Files/Pods-FlightTests/Pods-FlightTests-frameworks.sh\"\n";
			showEnvVarsInLog = 0;
		};
/* End PBXShellScriptBuildPhase section */

/* Begin PBXSourcesBuildPhase section */
		1450EC2E25600CD800750D03 /* Sources */ = {
			isa = PBXSourcesBuildPhase;
			buildActionMask = 2147483647;
			files = (
				145BC7E92565C7AC00AB9049 /* TestViewController.swift in Sources */,
				145BC7EC2565D48900AB9049 /* AnswerButton.swift in Sources */,
				1450EC3625600CD800750D03 /* AppDelegate.swift in Sources */,
				14DB3ED7256910B50044CD35 /* Question.swift in Sources */,
				14D752C525657B500033B313 /* AllTestsTableViewController.swift in Sources */,
				1450EC3825600CD800750D03 /* SceneDelegate.swift in Sources */,
				14D752D2256588C30033B313 /* OverlayView.swift in Sources */,
				14DB3EDB256911690044CD35 /* Test.swift in Sources */,
				14D752C225656AB80033B313 /* HomeViewController.swift in Sources */,
				14D752CC256585790033B313 /* PresentationController.swift in Sources */,
			);
			runOnlyForDeploymentPostprocessing = 0;
		};
/* End PBXSourcesBuildPhase section */

/* Begin PBXVariantGroup section */
		1450EC3B25600CD800750D03 /* Main.storyboard */ = {
			isa = PBXVariantGroup;
			children = (
				1450EC3C25600CD800750D03 /* Base */,
			);
			name = Main.storyboard;
			path = .;
			sourceTree = "<group>";
		};
		1450EC4325600CD900750D03 /* LaunchScreen.storyboard */ = {
			isa = PBXVariantGroup;
			children = (
				1450EC4425600CD900750D03 /* Base */,
			);
			name = LaunchScreen.storyboard;
			path = .;
			sourceTree = "<group>";
		};
/* End PBXVariantGroup section */

/* Begin XCBuildConfiguration section */
		1450EC4725600CD900750D03 /* Debug */ = {
			isa = XCBuildConfiguration;
			buildSettings = {
				ALWAYS_SEARCH_USER_PATHS = NO;
				CLANG_ANALYZER_NONNULL = YES;
				CLANG_ANALYZER_NUMBER_OBJECT_CONVERSION = YES_AGGRESSIVE;
				CLANG_CXX_LANGUAGE_STANDARD = "gnu++14";
				CLANG_CXX_LIBRARY = "libc++";
				CLANG_ENABLE_MODULES = YES;
				CLANG_ENABLE_OBJC_ARC = YES;
				CLANG_ENABLE_OBJC_WEAK = YES;
				CLANG_WARN_BLOCK_CAPTURE_AUTORELEASING = YES;
				CLANG_WARN_BOOL_CONVERSION = YES;
				CLANG_WARN_COMMA = YES;
				CLANG_WARN_CONSTANT_CONVERSION = YES;
				CLANG_WARN_DEPRECATED_OBJC_IMPLEMENTATIONS = YES;
				CLANG_WARN_DIRECT_OBJC_ISA_USAGE = YES_ERROR;
				CLANG_WARN_DOCUMENTATION_COMMENTS = YES;
				CLANG_WARN_EMPTY_BODY = YES;
				CLANG_WARN_ENUM_CONVERSION = YES;
				CLANG_WARN_INFINITE_RECURSION = YES;
				CLANG_WARN_INT_CONVERSION = YES;
				CLANG_WARN_NON_LITERAL_NULL_CONVERSION = YES;
				CLANG_WARN_OBJC_IMPLICIT_RETAIN_SELF = YES;
				CLANG_WARN_OBJC_LITERAL_CONVERSION = YES;
				CLANG_WARN_OBJC_ROOT_CLASS = YES_ERROR;
				CLANG_WARN_QUOTED_INCLUDE_IN_FRAMEWORK_HEADER = YES;
				CLANG_WARN_RANGE_LOOP_ANALYSIS = YES;
				CLANG_WARN_STRICT_PROTOTYPES = YES;
				CLANG_WARN_SUSPICIOUS_MOVE = YES;
				CLANG_WARN_UNGUARDED_AVAILABILITY = YES_AGGRESSIVE;
				CLANG_WARN_UNREACHABLE_CODE = YES;
				CLANG_WARN__DUPLICATE_METHOD_MATCH = YES;
				COPY_PHASE_STRIP = NO;
				DEBUG_INFORMATION_FORMAT = dwarf;
				ENABLE_STRICT_OBJC_MSGSEND = YES;
				ENABLE_TESTABILITY = YES;
				GCC_C_LANGUAGE_STANDARD = gnu11;
				GCC_DYNAMIC_NO_PIC = NO;
				GCC_NO_COMMON_BLOCKS = YES;
				GCC_OPTIMIZATION_LEVEL = 0;
				GCC_PREPROCESSOR_DEFINITIONS = (
					"DEBUG=1",
					"$(inherited)",
				);
				GCC_WARN_64_TO_32_BIT_CONVERSION = YES;
				GCC_WARN_ABOUT_RETURN_TYPE = YES_ERROR;
				GCC_WARN_UNDECLARED_SELECTOR = YES;
				GCC_WARN_UNINITIALIZED_AUTOS = YES_AGGRESSIVE;
				GCC_WARN_UNUSED_FUNCTION = YES;
				GCC_WARN_UNUSED_VARIABLE = YES;
				IPHONEOS_DEPLOYMENT_TARGET = 14.2;
				MTL_ENABLE_DEBUG_INFO = INCLUDE_SOURCE;
				MTL_FAST_MATH = YES;
				ONLY_ACTIVE_ARCH = YES;
				SDKROOT = iphoneos;
				SWIFT_ACTIVE_COMPILATION_CONDITIONS = DEBUG;
				SWIFT_OPTIMIZATION_LEVEL = "-Onone";
			};
			name = Debug;
		};
		1450EC4825600CD900750D03 /* Release */ = {
			isa = XCBuildConfiguration;
			buildSettings = {
				ALWAYS_SEARCH_USER_PATHS = NO;
				CLANG_ANALYZER_NONNULL = YES;
				CLANG_ANALYZER_NUMBER_OBJECT_CONVERSION = YES_AGGRESSIVE;
				CLANG_CXX_LANGUAGE_STANDARD = "gnu++14";
				CLANG_CXX_LIBRARY = "libc++";
				CLANG_ENABLE_MODULES = YES;
				CLANG_ENABLE_OBJC_ARC = YES;
				CLANG_ENABLE_OBJC_WEAK = YES;
				CLANG_WARN_BLOCK_CAPTURE_AUTORELEASING = YES;
				CLANG_WARN_BOOL_CONVERSION = YES;
				CLANG_WARN_COMMA = YES;
				CLANG_WARN_CONSTANT_CONVERSION = YES;
				CLANG_WARN_DEPRECATED_OBJC_IMPLEMENTATIONS = YES;
				CLANG_WARN_DIRECT_OBJC_ISA_USAGE = YES_ERROR;
				CLANG_WARN_DOCUMENTATION_COMMENTS = YES;
				CLANG_WARN_EMPTY_BODY = YES;
				CLANG_WARN_ENUM_CONVERSION = YES;
				CLANG_WARN_INFINITE_RECURSION = YES;
				CLANG_WARN_INT_CONVERSION = YES;
				CLANG_WARN_NON_LITERAL_NULL_CONVERSION = YES;
				CLANG_WARN_OBJC_IMPLICIT_RETAIN_SELF = YES;
				CLANG_WARN_OBJC_LITERAL_CONVERSION = YES;
				CLANG_WARN_OBJC_ROOT_CLASS = YES_ERROR;
				CLANG_WARN_QUOTED_INCLUDE_IN_FRAMEWORK_HEADER = YES;
				CLANG_WARN_RANGE_LOOP_ANALYSIS = YES;
				CLANG_WARN_STRICT_PROTOTYPES = YES;
				CLANG_WARN_SUSPICIOUS_MOVE = YES;
				CLANG_WARN_UNGUARDED_AVAILABILITY = YES_AGGRESSIVE;
				CLANG_WARN_UNREACHABLE_CODE = YES;
				CLANG_WARN__DUPLICATE_METHOD_MATCH = YES;
				COPY_PHASE_STRIP = NO;
				DEBUG_INFORMATION_FORMAT = "dwarf-with-dsym";
				ENABLE_NS_ASSERTIONS = NO;
				ENABLE_STRICT_OBJC_MSGSEND = YES;
				GCC_C_LANGUAGE_STANDARD = gnu11;
				GCC_NO_COMMON_BLOCKS = YES;
				GCC_WARN_64_TO_32_BIT_CONVERSION = YES;
				GCC_WARN_ABOUT_RETURN_TYPE = YES_ERROR;
				GCC_WARN_UNDECLARED_SELECTOR = YES;
				GCC_WARN_UNINITIALIZED_AUTOS = YES_AGGRESSIVE;
				GCC_WARN_UNUSED_FUNCTION = YES;
				GCC_WARN_UNUSED_VARIABLE = YES;
				IPHONEOS_DEPLOYMENT_TARGET = 14.2;
				MTL_ENABLE_DEBUG_INFO = NO;
				MTL_FAST_MATH = YES;
				SDKROOT = iphoneos;
				SWIFT_COMPILATION_MODE = wholemodule;
				SWIFT_OPTIMIZATION_LEVEL = "-O";
				VALIDATE_PRODUCT = YES;
			};
			name = Release;
		};
		1450EC4A25600CD900750D03 /* Debug */ = {
			isa = XCBuildConfiguration;
			baseConfigurationReference = C4D6BAE38E5553F877F7BBB9 /* Pods-FlightTests.debug.xcconfig */;
			buildSettings = {
				ASSETCATALOG_COMPILER_APPICON_NAME = AppIcon;
				ASSETCATALOG_COMPILER_GLOBAL_ACCENT_COLOR_NAME = AccentColor;
				CODE_SIGN_STYLE = Automatic;
				DEVELOPMENT_TEAM = 34V4L3C2GB;
				INFOPLIST_FILE = FlightTests/Info.plist;
				LD_RUNPATH_SEARCH_PATHS = (
					"$(inherited)",
					"@executable_path/Frameworks",
				);
				PRODUCT_BUNDLE_IDENTIFIER = com.jkbjhs.FlightTests;
				PRODUCT_NAME = "$(TARGET_NAME)";
				SWIFT_VERSION = 5.0;
				TARGETED_DEVICE_FAMILY = "1,2";
			};
			name = Debug;
		};
		1450EC4B25600CD900750D03 /* Release */ = {
			isa = XCBuildConfiguration;
			baseConfigurationReference = 3E857DDF5146B2BA0F9B5CA5 /* Pods-FlightTests.release.xcconfig */;
			buildSettings = {
				ASSETCATALOG_COMPILER_APPICON_NAME = AppIcon;
				ASSETCATALOG_COMPILER_GLOBAL_ACCENT_COLOR_NAME = AccentColor;
				CODE_SIGN_STYLE = Automatic;
				DEVELOPMENT_TEAM = 34V4L3C2GB;
				INFOPLIST_FILE = FlightTests/Info.plist;
				LD_RUNPATH_SEARCH_PATHS = (
					"$(inherited)",
					"@executable_path/Frameworks",
				);
				PRODUCT_BUNDLE_IDENTIFIER = com.jkbjhs.FlightTests;
				PRODUCT_NAME = "$(TARGET_NAME)";
				SWIFT_VERSION = 5.0;
				TARGETED_DEVICE_FAMILY = "1,2";
			};
			name = Release;
		};
/* End XCBuildConfiguration section */

/* Begin XCConfigurationList section */
		1450EC2D25600CD800750D03 /* Build configuration list for PBXProject "FlightTests" */ = {
			isa = XCConfigurationList;
			buildConfigurations = (
				1450EC4725600CD900750D03 /* Debug */,
				1450EC4825600CD900750D03 /* Release */,
			);
			defaultConfigurationIsVisible = 0;
			defaultConfigurationName = Release;
		};
		1450EC4925600CD900750D03 /* Build configuration list for PBXNativeTarget "FlightTests" */ = {
			isa = XCConfigurationList;
			buildConfigurations = (
				1450EC4A25600CD900750D03 /* Debug */,
				1450EC4B25600CD900750D03 /* Release */,
			);
			defaultConfigurationIsVisible = 0;
			defaultConfigurationName = Release;
		};
/* End XCConfigurationList section */
	};
	rootObject = 1450EC2A25600CD800750D03 /* Project object */;
}
