// !$*UTF8*$!
{
	archiveVersion = 1;
	classes = {
	};
	objectVersion = 51;
	objects = {

/* Begin PBXBuildFile section */
		1408C5E02580298900F79C0E /* cloud.json in Resources */ = {isa = PBXBuildFile; fileRef = 1408C5DF2580298900F79C0E /* cloud.json */; };
		1408C5E32580299B00F79C0E /* plane.json in Resources */ = {isa = PBXBuildFile; fileRef = 1408C5E22580299B00F79C0E /* plane.json */; };
		1408C5E725802C7C00F79C0E /* BreeSerif-Regular.ttf in Resources */ = {isa = PBXBuildFile; fileRef = 1408C5E625802C7C00F79C0E /* BreeSerif-Regular.ttf */; };
		140F6327257B799A00F801B5 /* NormalTestDetailViewController.swift in Sources */ = {isa = PBXBuildFile; fileRef = 140F6326257B799A00F801B5 /* NormalTestDetailViewController.swift */; };
		140F632A257B7AE700F801B5 /* CircleButton.swift in Sources */ = {isa = PBXBuildFile; fileRef = 140F6329257B7AE700F801B5 /* CircleButton.swift */; };
		142B6DC625963D5C00FB7609 /* elektrotechnika.json in Resources */ = {isa = PBXBuildFile; fileRef = 142B6DC525963D5C00FB7609 /* elektrotechnika.json */; };
		142B6DC925963E0400FB7609 /* letecka_anglictina.json in Resources */ = {isa = PBXBuildFile; fileRef = 142B6DC825963E0400FB7609 /* letecka_anglictina.json */; };
		142B6DCC25963F1900FB7609 /* letecka_doprava.json in Resources */ = {isa = PBXBuildFile; fileRef = 142B6DCB25963F1900FB7609 /* letecka_doprava.json */; };
		142B6DCF25963FB500FB7609 /* letecke_pohonne_jednotky.json in Resources */ = {isa = PBXBuildFile; fileRef = 142B6DCE25963FB500FB7609 /* letecke_pohonne_jednotky.json */; };
		142B6DD22596408B00FB7609 /* letiska_l-14.json in Resources */ = {isa = PBXBuildFile; fileRef = 142B6DD12596408B00FB7609 /* letiska_l-14.json */; };
		142B6DD52596412100FB7609 /* postupy_pre_letove_prevadzkove_sluzby.json in Resources */ = {isa = PBXBuildFile; fileRef = 142B6DD42596412100FB7609 /* postupy_pre_letove_prevadzkove_sluzby.json */; };
		142B6DD8259641B300FB7609 /* pravidla_lietania.json in Resources */ = {isa = PBXBuildFile; fileRef = 142B6DD7259641B300FB7609 /* pravidla_lietania.json */; };
		142B6DDB2596423A00FB7609 /* predpis_o_lps.json in Resources */ = {isa = PBXBuildFile; fileRef = 142B6DDA2596423A00FB7609 /* predpis_o_lps.json */; };
		142B6DDE259642A900FB7609 /* prevadzka_lietadiel.json in Resources */ = {isa = PBXBuildFile; fileRef = 142B6DDD259642A900FB7609 /* prevadzka_lietadiel.json */; };
		142B6DE42596483700FB7609 /* Assets.xcassets in Resources */ = {isa = PBXBuildFile; fileRef = 142B6DE12596483700FB7609 /* Assets.xcassets */; };
		142B6DE52596483700FB7609 /* background.jpg in Resources */ = {isa = PBXBuildFile; fileRef = 142B6DE22596483700FB7609 /* background.jpg */; };
		142B6DE62596483700FB7609 /* airplane.json in Resources */ = {isa = PBXBuildFile; fileRef = 142B6DE32596483700FB7609 /* airplane.json */; };
		142B6E072596485700FB7609 /* radiotechnika_x02_04.jpg in Resources */ = {isa = PBXBuildFile; fileRef = 142B6DE82596485500FB7609 /* radiotechnika_x02_04.jpg */; };
		142B6E082596485700FB7609 /* radiotechnika_x04_13.jpg in Resources */ = {isa = PBXBuildFile; fileRef = 142B6DE92596485500FB7609 /* radiotechnika_x04_13.jpg */; };
		142B6E092596485700FB7609 /* pozemne_vizualne_navestia_02.png in Resources */ = {isa = PBXBuildFile; fileRef = 142B6DEA2596485500FB7609 /* pozemne_vizualne_navestia_02.png */; };
		142B6E0A2596485700FB7609 /* vseobecne_vedomosti_y37_03.jpg in Resources */ = {isa = PBXBuildFile; fileRef = 142B6DEB2596485500FB7609 /* vseobecne_vedomosti_y37_03.jpg */; };
		142B6E0B2596485700FB7609 /* pozemne_vizualne_navestia_07.png in Resources */ = {isa = PBXBuildFile; fileRef = 142B6DEC2596485500FB7609 /* pozemne_vizualne_navestia_07.png */; };
		142B6E0C2596485700FB7609 /* vseobecne_vedomosti_x37_09.jpg in Resources */ = {isa = PBXBuildFile; fileRef = 142B6DED2596485500FB7609 /* vseobecne_vedomosti_x37_09.jpg */; };
		142B6E0D2596485700FB7609 /* letecka_navigacia_x16_08.jpg in Resources */ = {isa = PBXBuildFile; fileRef = 142B6DEE2596485500FB7609 /* letecka_navigacia_x16_08.jpg */; };
		142B6E0E2596485700FB7609 /* pozemne_vizualne_navestia_04.png in Resources */ = {isa = PBXBuildFile; fileRef = 142B6DEF2596485500FB7609 /* pozemne_vizualne_navestia_04.png */; };
		142B6E0F2596485700FB7609 /* letecka_navigacia_y15_04.jpg in Resources */ = {isa = PBXBuildFile; fileRef = 142B6DF02596485500FB7609 /* letecka_navigacia_y15_04.jpg */; };
		142B6E102596485700FB7609 /* vseobecne_vedomosti_y36_16.jpg in Resources */ = {isa = PBXBuildFile; fileRef = 142B6DF12596485500FB7609 /* vseobecne_vedomosti_y36_16.jpg */; };
		142B6E112596485700FB7609 /* vseobecne_vedomosti_y38_03.jpg in Resources */ = {isa = PBXBuildFile; fileRef = 142B6DF22596485500FB7609 /* vseobecne_vedomosti_y38_03.jpg */; };
		142B6E122596485700FB7609 /* vseobecne_vedomosti_x37_08.png in Resources */ = {isa = PBXBuildFile; fileRef = 142B6DF32596485600FB7609 /* vseobecne_vedomosti_x37_08.png */; };
		142B6E132596485700FB7609 /* radiotechnika_x04_01.jpg in Resources */ = {isa = PBXBuildFile; fileRef = 142B6DF42596485600FB7609 /* radiotechnika_x04_01.jpg */; };
		142B6E142596485700FB7609 /* vseobecne_vedomosti_x37_10.jpg in Resources */ = {isa = PBXBuildFile; fileRef = 142B6DF52596485600FB7609 /* vseobecne_vedomosti_x37_10.jpg */; };
		142B6E152596485700FB7609 /* vseobecne_vedomosti_y36_13.jpg in Resources */ = {isa = PBXBuildFile; fileRef = 142B6DF62596485600FB7609 /* vseobecne_vedomosti_y36_13.jpg */; };
		142B6E162596485700FB7609 /* letecka_navigacia_y19_01.jpg in Resources */ = {isa = PBXBuildFile; fileRef = 142B6DF72596485600FB7609 /* letecka_navigacia_y19_01.jpg */; };
		142B6E172596485700FB7609 /* radiotechnika_x01_18.jpg in Resources */ = {isa = PBXBuildFile; fileRef = 142B6DF82596485600FB7609 /* radiotechnika_x01_18.jpg */; };
		142B6E182596485700FB7609 /* pozemne_vizualne_navestia_09.png in Resources */ = {isa = PBXBuildFile; fileRef = 142B6DF92596485600FB7609 /* pozemne_vizualne_navestia_09.png */; };
		142B6E192596485700FB7609 /* pozemne_vizualne_navestia_06.png in Resources */ = {isa = PBXBuildFile; fileRef = 142B6DFA2596485600FB7609 /* pozemne_vizualne_navestia_06.png */; };
		142B6E1A2596485700FB7609 /* pozemne_vizualne_navestia_10.png in Resources */ = {isa = PBXBuildFile; fileRef = 142B6DFB2596485600FB7609 /* pozemne_vizualne_navestia_10.png */; };
		142B6E1B2596485700FB7609 /* vseobecne_vedomosti_x38_15.jpg in Resources */ = {isa = PBXBuildFile; fileRef = 142B6DFC2596485600FB7609 /* vseobecne_vedomosti_x38_15.jpg */; };
		142B6E1C2596485700FB7609 /* pozemne_vizualne_navestia_05.png in Resources */ = {isa = PBXBuildFile; fileRef = 142B6DFD2596485600FB7609 /* pozemne_vizualne_navestia_05.png */; };
		142B6E1D2596485700FB7609 /* radiotechnika_x04_05.jpg in Resources */ = {isa = PBXBuildFile; fileRef = 142B6DFE2596485600FB7609 /* radiotechnika_x04_05.jpg */; };
		142B6E1E2596485700FB7609 /* radiotechnika_x01_03.jpg in Resources */ = {isa = PBXBuildFile; fileRef = 142B6DFF2596485600FB7609 /* radiotechnika_x01_03.jpg */; };
		142B6E1F2596485700FB7609 /* letecka_navigacia_x16_01.jpg in Resources */ = {isa = PBXBuildFile; fileRef = 142B6E002596485600FB7609 /* letecka_navigacia_x16_01.jpg */; };
		142B6E202596485700FB7609 /* pozemne_vizualne_navestia_03.png in Resources */ = {isa = PBXBuildFile; fileRef = 142B6E012596485700FB7609 /* pozemne_vizualne_navestia_03.png */; };
		142B6E212596485700FB7609 /* vseobecne_vedomosti_x38_03.jpg in Resources */ = {isa = PBXBuildFile; fileRef = 142B6E022596485700FB7609 /* vseobecne_vedomosti_x38_03.jpg */; };
		142B6E222596485700FB7609 /* vseobecne_vedomosti_y37_10.png in Resources */ = {isa = PBXBuildFile; fileRef = 142B6E032596485700FB7609 /* vseobecne_vedomosti_y37_10.png */; };
		142B6E232596485700FB7609 /* pozemne_vizualne_navestia_01.png in Resources */ = {isa = PBXBuildFile; fileRef = 142B6E042596485700FB7609 /* pozemne_vizualne_navestia_01.png */; };
		142B6E242596485700FB7609 /* pozemne_vizualne_navestia_08.png in Resources */ = {isa = PBXBuildFile; fileRef = 142B6E052596485700FB7609 /* pozemne_vizualne_navestia_08.png */; };
		142B6E252596485700FB7609 /* radiotechnika_x04_07.jpg in Resources */ = {isa = PBXBuildFile; fileRef = 142B6E062596485700FB7609 /* radiotechnika_x04_07.jpg */; };
		142B6E4925964FD100FB7609 /* aerodynamika_x66_04.jpg in Resources */ = {isa = PBXBuildFile; fileRef = 142B6E2725964FCF00FB7609 /* aerodynamika_x66_04.jpg */; };
		142B6E4A25964FD100FB7609 /* aerodynamika_x71_06.jpg in Resources */ = {isa = PBXBuildFile; fileRef = 142B6E2825964FCF00FB7609 /* aerodynamika_x71_06.jpg */; };
		142B6E4B25964FD100FB7609 /* aerodynamika_x71_05.jpg in Resources */ = {isa = PBXBuildFile; fileRef = 142B6E2925964FCF00FB7609 /* aerodynamika_x71_05.jpg */; };
		142B6E4C25964FD100FB7609 /* aerodynamika_x65_02.jpg in Resources */ = {isa = PBXBuildFile; fileRef = 142B6E2A25964FCF00FB7609 /* aerodynamika_x65_02.jpg */; };
		142B6E4D25964FD100FB7609 /* aerodynamika_y63_09.jpg in Resources */ = {isa = PBXBuildFile; fileRef = 142B6E2B25964FCF00FB7609 /* aerodynamika_y63_09.jpg */; };
		142B6E4E25964FD100FB7609 /* aerodynamika_x64_10.jpg in Resources */ = {isa = PBXBuildFile; fileRef = 142B6E2C25964FCF00FB7609 /* aerodynamika_x64_10.jpg */; };
		142B6E4F25964FD100FB7609 /* aerodynamika_x71_01.jpg in Resources */ = {isa = PBXBuildFile; fileRef = 142B6E2D25964FCF00FB7609 /* aerodynamika_x71_01.jpg */; };
		142B6E5025964FD100FB7609 /* aerodynamika_x65_10.jpg in Resources */ = {isa = PBXBuildFile; fileRef = 142B6E2E25964FCF00FB7609 /* aerodynamika_x65_10.jpg */; };
		142B6E5125964FD100FB7609 /* aerodynamika_x69_15.jpg in Resources */ = {isa = PBXBuildFile; fileRef = 142B6E2F25964FCF00FB7609 /* aerodynamika_x69_15.jpg */; };
		142B6E5225964FD100FB7609 /* aerodynamika_x64_06.jpg in Resources */ = {isa = PBXBuildFile; fileRef = 142B6E3025964FCF00FB7609 /* aerodynamika_x64_06.jpg */; };
		142B6E5325964FD100FB7609 /* aerodynamika_x64_11.jpg in Resources */ = {isa = PBXBuildFile; fileRef = 142B6E3125964FCF00FB7609 /* aerodynamika_x64_11.jpg */; };
		142B6E5425964FD100FB7609 /* aerodynamika_x64_07.jpg in Resources */ = {isa = PBXBuildFile; fileRef = 142B6E3225964FD000FB7609 /* aerodynamika_x64_07.jpg */; };
		142B6E5525964FD100FB7609 /* aerodynamika_x68_15.jpg in Resources */ = {isa = PBXBuildFile; fileRef = 142B6E3325964FD000FB7609 /* aerodynamika_x68_15.jpg */; };
		142B6E5625964FD100FB7609 /* aerodynamika_x68_02.jpg in Resources */ = {isa = PBXBuildFile; fileRef = 142B6E3425964FD000FB7609 /* aerodynamika_x68_02.jpg */; };
		142B6E5725964FD100FB7609 /* aerodynamika_x66_08.jpg in Resources */ = {isa = PBXBuildFile; fileRef = 142B6E3525964FD000FB7609 /* aerodynamika_x66_08.jpg */; };
		142B6E5825964FD100FB7609 /* aerodynamika_x69_05.jpg in Resources */ = {isa = PBXBuildFile; fileRef = 142B6E3625964FD000FB7609 /* aerodynamika_x69_05.jpg */; };
		142B6E5925964FD100FB7609 /* aerodynamika_x68_14.jpg in Resources */ = {isa = PBXBuildFile; fileRef = 142B6E3725964FD000FB7609 /* aerodynamika_x68_14.jpg */; };
		142B6E5A25964FD100FB7609 /* aerodynamika_y63_11.jpg in Resources */ = {isa = PBXBuildFile; fileRef = 142B6E3825964FD000FB7609 /* aerodynamika_y63_11.jpg */; };
		142B6E5B25964FD100FB7609 /* aerodynamika_x68_10.jpg in Resources */ = {isa = PBXBuildFile; fileRef = 142B6E3925964FD000FB7609 /* aerodynamika_x68_10.jpg */; };
		142B6E5C25964FD100FB7609 /* aerodynamika_x66_11.jpg in Resources */ = {isa = PBXBuildFile; fileRef = 142B6E3A25964FD000FB7609 /* aerodynamika_x66_11.jpg */; };
		142B6E5D25964FD100FB7609 /* aerodynamika_x66_06.jpg in Resources */ = {isa = PBXBuildFile; fileRef = 142B6E3B25964FD000FB7609 /* aerodynamika_x66_06.jpg */; };
		142B6E5E25964FD100FB7609 /* aerodynamika_x64_17.jpg in Resources */ = {isa = PBXBuildFile; fileRef = 142B6E3C25964FD000FB7609 /* aerodynamika_x64_17.jpg */; };
		142B6E5F25964FD100FB7609 /* aerodynamika_x66_07.jpg in Resources */ = {isa = PBXBuildFile; fileRef = 142B6E3D25964FD000FB7609 /* aerodynamika_x66_07.jpg */; };
		142B6E6025964FD100FB7609 /* aerodynamika_x66_12.jpg in Resources */ = {isa = PBXBuildFile; fileRef = 142B6E3E25964FD000FB7609 /* aerodynamika_x66_12.jpg */; };
		142B6E6125964FD100FB7609 /* aerodynamika_x66_09.jpg in Resources */ = {isa = PBXBuildFile; fileRef = 142B6E3F25964FD000FB7609 /* aerodynamika_x66_09.jpg */; };
		142B6E6225964FD100FB7609 /* aerodynamika_x66_10.jpg in Resources */ = {isa = PBXBuildFile; fileRef = 142B6E4025964FD100FB7609 /* aerodynamika_x66_10.jpg */; };
		142B6E6325964FD100FB7609 /* aerodynamika_x68_13.jpg in Resources */ = {isa = PBXBuildFile; fileRef = 142B6E4125964FD100FB7609 /* aerodynamika_x68_13.jpg */; };
		142B6E6425964FD100FB7609 /* aerodynamika_x65_04.jpg in Resources */ = {isa = PBXBuildFile; fileRef = 142B6E4225964FD100FB7609 /* aerodynamika_x65_04.jpg */; };
		142B6E6525964FD100FB7609 /* aerodynamika_x66_05.jpg in Resources */ = {isa = PBXBuildFile; fileRef = 142B6E4325964FD100FB7609 /* aerodynamika_x66_05.jpg */; };
		142B6E6625964FD100FB7609 /* aerodynamika_x65_03.jpg in Resources */ = {isa = PBXBuildFile; fileRef = 142B6E4425964FD100FB7609 /* aerodynamika_x65_03.jpg */; };
		142B6E6725964FD100FB7609 /* aerodynamika_x63_20.jpg in Resources */ = {isa = PBXBuildFile; fileRef = 142B6E4525964FD100FB7609 /* aerodynamika_x63_20.jpg */; };
		142B6E6825964FD100FB7609 /* aerodynamika_x67_19.jpg in Resources */ = {isa = PBXBuildFile; fileRef = 142B6E4625964FD100FB7609 /* aerodynamika_x67_19.jpg */; };
		142B6E6925964FD100FB7609 /* aerodynamika_x69_16.jpg in Resources */ = {isa = PBXBuildFile; fileRef = 142B6E4725964FD100FB7609 /* aerodynamika_x69_16.jpg */; };
		142B6E6A25964FD100FB7609 /* aerodynamika_y63_16.jpg in Resources */ = {isa = PBXBuildFile; fileRef = 142B6E4825964FD100FB7609 /* aerodynamika_y63_16.jpg */; };
		142B6E7425964FE000FB7609 /* letecke_pohonne_jednotky_y34_04.jpg in Resources */ = {isa = PBXBuildFile; fileRef = 142B6E6C25964FDF00FB7609 /* letecke_pohonne_jednotky_y34_04.jpg */; };
		142B6E7525964FE000FB7609 /* letecke_pohonne_jednotky_x31_09.jpg in Resources */ = {isa = PBXBuildFile; fileRef = 142B6E6D25964FDF00FB7609 /* letecke_pohonne_jednotky_x31_09.jpg */; };
		142B6E7625964FE000FB7609 /* letecke_pohonne_jednotky_y31_04.jpg in Resources */ = {isa = PBXBuildFile; fileRef = 142B6E6E25964FDF00FB7609 /* letecke_pohonne_jednotky_y31_04.jpg */; };
		142B6E7725964FE000FB7609 /* letecke_pohonne_jednotky_x35_11.jpg in Resources */ = {isa = PBXBuildFile; fileRef = 142B6E6F25964FDF00FB7609 /* letecke_pohonne_jednotky_x35_11.jpg */; };
		142B6E7825964FE000FB7609 /* letecke_pohonne_jednotky_x33_11.jpg in Resources */ = {isa = PBXBuildFile; fileRef = 142B6E7025964FE000FB7609 /* letecke_pohonne_jednotky_x33_11.jpg */; };
		142B6E7925964FE000FB7609 /* letecke_pohonne_jednotky_x33_19.jpg in Resources */ = {isa = PBXBuildFile; fileRef = 142B6E7125964FE000FB7609 /* letecke_pohonne_jednotky_x33_19.jpg */; };
		142B6E7A25964FE000FB7609 /* letecke_pohonne_jednotky_y32_08.jpg in Resources */ = {isa = PBXBuildFile; fileRef = 142B6E7225964FE000FB7609 /* letecke_pohonne_jednotky_y32_08.jpg */; };
		142B6E7B25964FE000FB7609 /* letecke_pohonne_jednotky_y33_11.jpg in Resources */ = {isa = PBXBuildFile; fileRef = 142B6E7325964FE000FB7609 /* letecke_pohonne_jednotky_y33_11.jpg */; };
		142B6E7E25964FED00FB7609 /* meteorologia_x24_18.jpg in Resources */ = {isa = PBXBuildFile; fileRef = 142B6E7D25964FED00FB7609 /* meteorologia_x24_18.jpg */; };
		142B6EA325964FFC00FB7609 /* meteorologia_x24_13.jpg in Resources */ = {isa = PBXBuildFile; fileRef = 142B6E8125964FFA00FB7609 /* meteorologia_x24_13.jpg */; };
		142B6EA425964FFC00FB7609 /* meteorologia_x26_10.jpg in Resources */ = {isa = PBXBuildFile; fileRef = 142B6E8225964FFA00FB7609 /* meteorologia_x26_10.jpg */; };
		142B6EA525964FFC00FB7609 /* meteorologia_x25_14.jpg in Resources */ = {isa = PBXBuildFile; fileRef = 142B6E8325964FFA00FB7609 /* meteorologia_x25_14.jpg */; };
		142B6EA625964FFC00FB7609 /* meteorologia_x26_04.jpg in Resources */ = {isa = PBXBuildFile; fileRef = 142B6E8425964FFA00FB7609 /* meteorologia_x26_04.jpg */; };
		142B6EA725964FFC00FB7609 /* meteorologia_x26_16.jpg in Resources */ = {isa = PBXBuildFile; fileRef = 142B6E8525964FFA00FB7609 /* meteorologia_x26_16.jpg */; };
		142B6EA825964FFC00FB7609 /* meteorologia_x26_08.jpg in Resources */ = {isa = PBXBuildFile; fileRef = 142B6E8625964FFA00FB7609 /* meteorologia_x26_08.jpg */; };
		142B6EA925964FFC00FB7609 /* meteorologia_x25_15.jpg in Resources */ = {isa = PBXBuildFile; fileRef = 142B6E8725964FFA00FB7609 /* meteorologia_x25_15.jpg */; };
		142B6EAA25964FFC00FB7609 /* meteorologia_x25_09.jpg in Resources */ = {isa = PBXBuildFile; fileRef = 142B6E8825964FFA00FB7609 /* meteorologia_x25_09.jpg */; };
		142B6EAB25964FFC00FB7609 /* meteorologia_x26_01.jpg in Resources */ = {isa = PBXBuildFile; fileRef = 142B6E8925964FFA00FB7609 /* meteorologia_x26_01.jpg */; };
		142B6EAC25964FFC00FB7609 /* meteorologia_x25_08.jpg in Resources */ = {isa = PBXBuildFile; fileRef = 142B6E8A25964FFA00FB7609 /* meteorologia_x25_08.jpg */; };
		142B6EAD25964FFC00FB7609 /* meteorologia_x25_07.jpg in Resources */ = {isa = PBXBuildFile; fileRef = 142B6E8B25964FFB00FB7609 /* meteorologia_x25_07.jpg */; };
		142B6EAE25964FFC00FB7609 /* meteorologia_x25_10.jpg in Resources */ = {isa = PBXBuildFile; fileRef = 142B6E8C25964FFB00FB7609 /* meteorologia_x25_10.jpg */; };
		142B6EAF25964FFC00FB7609 /* meteorologia_x26_18.jpg in Resources */ = {isa = PBXBuildFile; fileRef = 142B6E8D25964FFB00FB7609 /* meteorologia_x26_18.jpg */; };
		142B6EB025964FFC00FB7609 /* meteorologia_x26_20.jpg in Resources */ = {isa = PBXBuildFile; fileRef = 142B6E8E25964FFB00FB7609 /* meteorologia_x26_20.jpg */; };
		142B6EB125964FFC00FB7609 /* meteorologia_x24_04.jpg in Resources */ = {isa = PBXBuildFile; fileRef = 142B6E8F25964FFB00FB7609 /* meteorologia_x24_04.jpg */; };
		142B6EB225964FFC00FB7609 /* meteorologia_x25_16.jpg in Resources */ = {isa = PBXBuildFile; fileRef = 142B6E9025964FFB00FB7609 /* meteorologia_x25_16.jpg */; };
		142B6EB325964FFC00FB7609 /* meteorologia_x25_19.jpg in Resources */ = {isa = PBXBuildFile; fileRef = 142B6E9125964FFB00FB7609 /* meteorologia_x25_19.jpg */; };
		142B6EB425964FFC00FB7609 /* meteorologia_x26_17.jpg in Resources */ = {isa = PBXBuildFile; fileRef = 142B6E9225964FFB00FB7609 /* meteorologia_x26_17.jpg */; };
		142B6EB525964FFC00FB7609 /* meteorologia_x26_03.jpg in Resources */ = {isa = PBXBuildFile; fileRef = 142B6E9325964FFB00FB7609 /* meteorologia_x26_03.jpg */; };
		142B6EB625964FFC00FB7609 /* meteorologia_x26_06.jpg in Resources */ = {isa = PBXBuildFile; fileRef = 142B6E9425964FFB00FB7609 /* meteorologia_x26_06.jpg */; };
		142B6EB725964FFC00FB7609 /* meteorologia_x27_02.jpg in Resources */ = {isa = PBXBuildFile; fileRef = 142B6E9525964FFB00FB7609 /* meteorologia_x27_02.jpg */; };
		142B6EB825964FFC00FB7609 /* meteorologia_x26_07.jpg in Resources */ = {isa = PBXBuildFile; fileRef = 142B6E9625964FFB00FB7609 /* meteorologia_x26_07.jpg */; };
		142B6EB925964FFC00FB7609 /* meteorologia_x24_16.jpg in Resources */ = {isa = PBXBuildFile; fileRef = 142B6E9725964FFB00FB7609 /* meteorologia_x24_16.jpg */; };
		142B6EBA25964FFC00FB7609 /* meteorologia_x25_06.jpg in Resources */ = {isa = PBXBuildFile; fileRef = 142B6E9825964FFC00FB7609 /* meteorologia_x25_06.jpg */; };
		142B6EBB25964FFC00FB7609 /* meteorologia_x25_05.jpg in Resources */ = {isa = PBXBuildFile; fileRef = 142B6E9925964FFC00FB7609 /* meteorologia_x25_05.jpg */; };
		142B6EBC25964FFC00FB7609 /* meteorologia_x24_11.jpg in Resources */ = {isa = PBXBuildFile; fileRef = 142B6E9A25964FFC00FB7609 /* meteorologia_x24_11.jpg */; };
		142B6EBD25964FFC00FB7609 /* meteorologia_x24_07.jpg in Resources */ = {isa = PBXBuildFile; fileRef = 142B6E9B25964FFC00FB7609 /* meteorologia_x24_07.jpg */; };
		142B6EBE25964FFC00FB7609 /* meteorologia_x25_12.jpg in Resources */ = {isa = PBXBuildFile; fileRef = 142B6E9C25964FFC00FB7609 /* meteorologia_x25_12.jpg */; };
		142B6EBF25964FFC00FB7609 /* meteorologia_x25_04.jpg in Resources */ = {isa = PBXBuildFile; fileRef = 142B6E9D25964FFC00FB7609 /* meteorologia_x25_04.jpg */; };
		142B6EC025964FFC00FB7609 /* meteorologia_x27_04.jpg in Resources */ = {isa = PBXBuildFile; fileRef = 142B6E9E25964FFC00FB7609 /* meteorologia_x27_04.jpg */; };
		142B6EC125964FFC00FB7609 /* meteorologia_x26_12.jpg in Resources */ = {isa = PBXBuildFile; fileRef = 142B6E9F25964FFC00FB7609 /* meteorologia_x26_12.jpg */; };
		142B6EC225964FFC00FB7609 /* meteorologia_x25_02.jpg in Resources */ = {isa = PBXBuildFile; fileRef = 142B6EA025964FFC00FB7609 /* meteorologia_x25_02.jpg */; };
		142B6EC325964FFC00FB7609 /* meteorologia_x24_09.jpg in Resources */ = {isa = PBXBuildFile; fileRef = 142B6EA125964FFC00FB7609 /* meteorologia_x24_09.jpg */; };
		142B6ECB2596500A00FB7609 /* palubne_pristroje_y10_03.jpg in Resources */ = {isa = PBXBuildFile; fileRef = 142B6EC52596500A00FB7609 /* palubne_pristroje_y10_03.jpg */; };
		142B6ECC2596500A00FB7609 /* palubne_pristroje_x08_14.png in Resources */ = {isa = PBXBuildFile; fileRef = 142B6EC62596500A00FB7609 /* palubne_pristroje_x08_14.png */; };
		142B6ECD2596500A00FB7609 /* palubne_pristroje_y06_18.jpg in Resources */ = {isa = PBXBuildFile; fileRef = 142B6EC72596500A00FB7609 /* palubne_pristroje_y06_18.jpg */; };
		142B6ECE2596500A00FB7609 /* palubne_pristroje_x07_14.jpg in Resources */ = {isa = PBXBuildFile; fileRef = 142B6EC82596500A00FB7609 /* palubne_pristroje_x07_14.jpg */; };
		142B6ECF2596500A00FB7609 /* palubne_pristroje_y06_01.jpg in Resources */ = {isa = PBXBuildFile; fileRef = 142B6EC92596500A00FB7609 /* palubne_pristroje_y06_01.jpg */; };
		142B6ED02596500A00FB7609 /* palubne_pristroje_x08_09.jpg in Resources */ = {isa = PBXBuildFile; fileRef = 142B6ECA2596500A00FB7609 /* palubne_pristroje_x08_09.jpg */; };
		1450EC3625600CD800750D03 /* AppDelegate.swift in Sources */ = {isa = PBXBuildFile; fileRef = 1450EC3525600CD800750D03 /* AppDelegate.swift */; };
		1450EC3825600CD800750D03 /* SceneDelegate.swift in Sources */ = {isa = PBXBuildFile; fileRef = 1450EC3725600CD800750D03 /* SceneDelegate.swift */; };
		1450EC3D25600CD800750D03 /* Main.storyboard in Resources */ = {isa = PBXBuildFile; fileRef = 1450EC3B25600CD800750D03 /* Main.storyboard */; };
		1450EC4225600CD900750D03 /* Assets.xcassets in Resources */ = {isa = PBXBuildFile; fileRef = 1450EC4125600CD900750D03 /* Assets.xcassets */; };
		1450EC4525600CD900750D03 /* LaunchScreen.storyboard in Resources */ = {isa = PBXBuildFile; fileRef = 1450EC4325600CD900750D03 /* LaunchScreen.storyboard */; };
		14512F0D2579A5430047FA7D /* data.json in Resources */ = {isa = PBXBuildFile; fileRef = 14512F0C2579A5430047FA7D /* data.json */; };
		145BC7E92565C7AC00AB9049 /* TestViewController.swift in Sources */ = {isa = PBXBuildFile; fileRef = 145BC7E82565C7AC00AB9049 /* TestViewController.swift */; };
		145BC7EC2565D48900AB9049 /* AnswerButton.swift in Sources */ = {isa = PBXBuildFile; fileRef = 145BC7EB2565D48900AB9049 /* AnswerButton.swift */; };
		1466796A25810E610019B107 /* StatisticsViewController.swift in Sources */ = {isa = PBXBuildFile; fileRef = 1466796925810E610019B107 /* StatisticsViewController.swift */; };
		1466796D25810F980019B107 /* Statistics.swift in Sources */ = {isa = PBXBuildFile; fileRef = 1466796C25810F980019B107 /* Statistics.swift */; };
		146679702581510A0019B107 /* DbHelper.swift in Sources */ = {isa = PBXBuildFile; fileRef = 1466796F2581510A0019B107 /* DbHelper.swift */; };
		147BE6202580E87300296434 /* thumbsup.json in Resources */ = {isa = PBXBuildFile; fileRef = 147BE61F2580E87300296434 /* thumbsup.json */; };
		147BE6232580E87C00296434 /* sad-face.json in Resources */ = {isa = PBXBuildFile; fileRef = 147BE6222580E87C00296434 /* sad-face.json */; };
		147C8E0C2582A3F900EC5413 /* PaddingLabel.swift in Sources */ = {isa = PBXBuildFile; fileRef = 147C8E0B2582A3F900EC5413 /* PaddingLabel.swift */; };
		148E2D7E257A93D20027BCF9 /* TestDetailViewController.swift in Sources */ = {isa = PBXBuildFile; fileRef = 148E2D7D257A93D20027BCF9 /* TestDetailViewController.swift */; };
		148E2D89257AA0D70027BCF9 /* DataService.swift in Sources */ = {isa = PBXBuildFile; fileRef = 148E2D88257AA0D70027BCF9 /* DataService.swift */; };
		149380612571CA4D000B809C /* EvaluateViewController.swift in Sources */ = {isa = PBXBuildFile; fileRef = 149380602571CA4D000B809C /* EvaluateViewController.swift */; };
		14C769F62587C232002D0426 /* UserTest.swift in Sources */ = {isa = PBXBuildFile; fileRef = 14C769F52587C232002D0426 /* UserTest.swift */; };
		14C769F92587F49F002D0426 /* OldTestsTableViewController.swift in Sources */ = {isa = PBXBuildFile; fileRef = 14C769F82587F49F002D0426 /* OldTestsTableViewController.swift */; };
		14C769FC2587F9E3002D0426 /* OldTestViewController.swift in Sources */ = {isa = PBXBuildFile; fileRef = 14C769FB2587F9E3002D0426 /* OldTestViewController.swift */; };
		14D752C225656AB80033B313 /* HomeViewController.swift in Sources */ = {isa = PBXBuildFile; fileRef = 14D752C125656AB80033B313 /* HomeViewController.swift */; };
		14D752C525657B500033B313 /* AllTestsTableViewController.swift in Sources */ = {isa = PBXBuildFile; fileRef = 14D752C425657B500033B313 /* AllTestsTableViewController.swift */; };
		14DB3ED7256910B50044CD35 /* Question.swift in Sources */ = {isa = PBXBuildFile; fileRef = 14DB3ED6256910B50044CD35 /* Question.swift */; };
		14DB3EDB256911690044CD35 /* Test.swift in Sources */ = {isa = PBXBuildFile; fileRef = 14DB3EDA256911690044CD35 /* Test.swift */; };
		14EE349225988F2A0065F584 /* meteorologia.json in Resources */ = {isa = PBXBuildFile; fileRef = 14EE349125988F2A0065F584 /* meteorologia.json */; };
		14EE3495259890390065F584 /* palubne_pristroje.json in Resources */ = {isa = PBXBuildFile; fileRef = 14EE3494259890390065F584 /* palubne_pristroje.json */; };
		14EE3498259893820065F584 /* spojovaci_predpis_a_komunikacia.json in Resources */ = {isa = PBXBuildFile; fileRef = 14EE3497259893820065F584 /* spojovaci_predpis_a_komunikacia.json */; };
		14EE349B259893E70065F584 /* radiotechnika.json in Resources */ = {isa = PBXBuildFile; fileRef = 14EE349A259893E70065F584 /* radiotechnika.json */; };
		14EE349E259894EA0065F584 /* letecke_pravne_predpisy.json in Resources */ = {isa = PBXBuildFile; fileRef = 14EE349D259894EA0065F584 /* letecke_pravne_predpisy.json */; };
		62B6C31D86917353F5652271 /* Pods_FlightTests.framework in Frameworks */ = {isa = PBXBuildFile; fileRef = 19225FCBD3940B16B3620281 /* Pods_FlightTests.framework */; };
/* End PBXBuildFile section */

/* Begin PBXFileReference section */
		1408C5DF2580298900F79C0E /* cloud.json */ = {isa = PBXFileReference; fileEncoding = 4; lastKnownFileType = text.json; path = cloud.json; sourceTree = "<group>"; };
		1408C5E22580299B00F79C0E /* plane.json */ = {isa = PBXFileReference; fileEncoding = 4; lastKnownFileType = text.json; path = plane.json; sourceTree = "<group>"; };
		1408C5E625802C7C00F79C0E /* BreeSerif-Regular.ttf */ = {isa = PBXFileReference; lastKnownFileType = file; path = "BreeSerif-Regular.ttf"; sourceTree = "<group>"; };
		140F6326257B799A00F801B5 /* NormalTestDetailViewController.swift */ = {isa = PBXFileReference; lastKnownFileType = sourcecode.swift; path = NormalTestDetailViewController.swift; sourceTree = "<group>"; };
		140F6329257B7AE700F801B5 /* CircleButton.swift */ = {isa = PBXFileReference; lastKnownFileType = sourcecode.swift; path = CircleButton.swift; sourceTree = "<group>"; };
		142B6DC525963D5C00FB7609 /* elektrotechnika.json */ = {isa = PBXFileReference; lastKnownFileType = text.json; path = elektrotechnika.json; sourceTree = "<group>"; };
		142B6DC825963E0400FB7609 /* letecka_anglictina.json */ = {isa = PBXFileReference; lastKnownFileType = text.json; path = letecka_anglictina.json; sourceTree = "<group>"; };
		142B6DCB25963F1900FB7609 /* letecka_doprava.json */ = {isa = PBXFileReference; lastKnownFileType = text.json; path = letecka_doprava.json; sourceTree = "<group>"; };
		142B6DCE25963FB500FB7609 /* letecke_pohonne_jednotky.json */ = {isa = PBXFileReference; lastKnownFileType = text.json; path = letecke_pohonne_jednotky.json; sourceTree = "<group>"; };
		142B6DD12596408B00FB7609 /* letiska_l-14.json */ = {isa = PBXFileReference; lastKnownFileType = text.json; path = "letiska_l-14.json"; sourceTree = "<group>"; };
		142B6DD42596412100FB7609 /* postupy_pre_letove_prevadzkove_sluzby.json */ = {isa = PBXFileReference; lastKnownFileType = text.json; path = postupy_pre_letove_prevadzkove_sluzby.json; sourceTree = "<group>"; };
		142B6DD7259641B300FB7609 /* pravidla_lietania.json */ = {isa = PBXFileReference; lastKnownFileType = text.json; path = pravidla_lietania.json; sourceTree = "<group>"; };
		142B6DDA2596423A00FB7609 /* predpis_o_lps.json */ = {isa = PBXFileReference; lastKnownFileType = text.json; path = predpis_o_lps.json; sourceTree = "<group>"; };
		142B6DDD259642A900FB7609 /* prevadzka_lietadiel.json */ = {isa = PBXFileReference; lastKnownFileType = text.json; path = prevadzka_lietadiel.json; sourceTree = "<group>"; };
		142B6DE12596483700FB7609 /* Assets.xcassets */ = {isa = PBXFileReference; lastKnownFileType = folder.assetcatalog; path = Assets.xcassets; sourceTree = "<group>"; };
		142B6DE22596483700FB7609 /* background.jpg */ = {isa = PBXFileReference; lastKnownFileType = image.jpeg; path = background.jpg; sourceTree = "<group>"; };
		142B6DE32596483700FB7609 /* airplane.json */ = {isa = PBXFileReference; fileEncoding = 4; lastKnownFileType = text.json; path = airplane.json; sourceTree = "<group>"; };
		142B6DE82596485500FB7609 /* radiotechnika_x02_04.jpg */ = {isa = PBXFileReference; lastKnownFileType = image.jpeg; path = radiotechnika_x02_04.jpg; sourceTree = "<group>"; };
		142B6DE92596485500FB7609 /* radiotechnika_x04_13.jpg */ = {isa = PBXFileReference; lastKnownFileType = image.jpeg; path = radiotechnika_x04_13.jpg; sourceTree = "<group>"; };
		142B6DEA2596485500FB7609 /* pozemne_vizualne_navestia_02.png */ = {isa = PBXFileReference; lastKnownFileType = image.png; path = pozemne_vizualne_navestia_02.png; sourceTree = "<group>"; };
		142B6DEB2596485500FB7609 /* vseobecne_vedomosti_y37_03.jpg */ = {isa = PBXFileReference; lastKnownFileType = image.jpeg; path = vseobecne_vedomosti_y37_03.jpg; sourceTree = "<group>"; };
		142B6DEC2596485500FB7609 /* pozemne_vizualne_navestia_07.png */ = {isa = PBXFileReference; lastKnownFileType = image.png; path = pozemne_vizualne_navestia_07.png; sourceTree = "<group>"; };
		142B6DED2596485500FB7609 /* vseobecne_vedomosti_x37_09.jpg */ = {isa = PBXFileReference; lastKnownFileType = image.jpeg; path = vseobecne_vedomosti_x37_09.jpg; sourceTree = "<group>"; };
		142B6DEE2596485500FB7609 /* letecka_navigacia_x16_08.jpg */ = {isa = PBXFileReference; lastKnownFileType = image.jpeg; path = letecka_navigacia_x16_08.jpg; sourceTree = "<group>"; };
		142B6DEF2596485500FB7609 /* pozemne_vizualne_navestia_04.png */ = {isa = PBXFileReference; lastKnownFileType = image.png; path = pozemne_vizualne_navestia_04.png; sourceTree = "<group>"; };
		142B6DF02596485500FB7609 /* letecka_navigacia_y15_04.jpg */ = {isa = PBXFileReference; lastKnownFileType = image.jpeg; path = letecka_navigacia_y15_04.jpg; sourceTree = "<group>"; };
		142B6DF12596485500FB7609 /* vseobecne_vedomosti_y36_16.jpg */ = {isa = PBXFileReference; lastKnownFileType = image.jpeg; path = vseobecne_vedomosti_y36_16.jpg; sourceTree = "<group>"; };
		142B6DF22596485500FB7609 /* vseobecne_vedomosti_y38_03.jpg */ = {isa = PBXFileReference; lastKnownFileType = image.jpeg; path = vseobecne_vedomosti_y38_03.jpg; sourceTree = "<group>"; };
		142B6DF32596485600FB7609 /* vseobecne_vedomosti_x37_08.png */ = {isa = PBXFileReference; lastKnownFileType = image.png; path = vseobecne_vedomosti_x37_08.png; sourceTree = "<group>"; };
		142B6DF42596485600FB7609 /* radiotechnika_x04_01.jpg */ = {isa = PBXFileReference; lastKnownFileType = image.jpeg; path = radiotechnika_x04_01.jpg; sourceTree = "<group>"; };
		142B6DF52596485600FB7609 /* vseobecne_vedomosti_x37_10.jpg */ = {isa = PBXFileReference; lastKnownFileType = image.jpeg; path = vseobecne_vedomosti_x37_10.jpg; sourceTree = "<group>"; };
		142B6DF62596485600FB7609 /* vseobecne_vedomosti_y36_13.jpg */ = {isa = PBXFileReference; lastKnownFileType = image.jpeg; path = vseobecne_vedomosti_y36_13.jpg; sourceTree = "<group>"; };
		142B6DF72596485600FB7609 /* letecka_navigacia_y19_01.jpg */ = {isa = PBXFileReference; lastKnownFileType = image.jpeg; path = letecka_navigacia_y19_01.jpg; sourceTree = "<group>"; };
		142B6DF82596485600FB7609 /* radiotechnika_x01_18.jpg */ = {isa = PBXFileReference; lastKnownFileType = image.jpeg; path = radiotechnika_x01_18.jpg; sourceTree = "<group>"; };
		142B6DF92596485600FB7609 /* pozemne_vizualne_navestia_09.png */ = {isa = PBXFileReference; lastKnownFileType = image.png; path = pozemne_vizualne_navestia_09.png; sourceTree = "<group>"; };
		142B6DFA2596485600FB7609 /* pozemne_vizualne_navestia_06.png */ = {isa = PBXFileReference; lastKnownFileType = image.png; path = pozemne_vizualne_navestia_06.png; sourceTree = "<group>"; };
		142B6DFB2596485600FB7609 /* pozemne_vizualne_navestia_10.png */ = {isa = PBXFileReference; lastKnownFileType = image.png; path = pozemne_vizualne_navestia_10.png; sourceTree = "<group>"; };
		142B6DFC2596485600FB7609 /* vseobecne_vedomosti_x38_15.jpg */ = {isa = PBXFileReference; lastKnownFileType = image.jpeg; path = vseobecne_vedomosti_x38_15.jpg; sourceTree = "<group>"; };
		142B6DFD2596485600FB7609 /* pozemne_vizualne_navestia_05.png */ = {isa = PBXFileReference; lastKnownFileType = image.png; path = pozemne_vizualne_navestia_05.png; sourceTree = "<group>"; };
		142B6DFE2596485600FB7609 /* radiotechnika_x04_05.jpg */ = {isa = PBXFileReference; lastKnownFileType = image.jpeg; path = radiotechnika_x04_05.jpg; sourceTree = "<group>"; };
		142B6DFF2596485600FB7609 /* radiotechnika_x01_03.jpg */ = {isa = PBXFileReference; lastKnownFileType = image.jpeg; path = radiotechnika_x01_03.jpg; sourceTree = "<group>"; };
		142B6E002596485600FB7609 /* letecka_navigacia_x16_01.jpg */ = {isa = PBXFileReference; lastKnownFileType = image.jpeg; path = letecka_navigacia_x16_01.jpg; sourceTree = "<group>"; };
		142B6E012596485700FB7609 /* pozemne_vizualne_navestia_03.png */ = {isa = PBXFileReference; lastKnownFileType = image.png; path = pozemne_vizualne_navestia_03.png; sourceTree = "<group>"; };
		142B6E022596485700FB7609 /* vseobecne_vedomosti_x38_03.jpg */ = {isa = PBXFileReference; lastKnownFileType = image.jpeg; path = vseobecne_vedomosti_x38_03.jpg; sourceTree = "<group>"; };
		142B6E032596485700FB7609 /* vseobecne_vedomosti_y37_10.png */ = {isa = PBXFileReference; lastKnownFileType = image.png; path = vseobecne_vedomosti_y37_10.png; sourceTree = "<group>"; };
		142B6E042596485700FB7609 /* pozemne_vizualne_navestia_01.png */ = {isa = PBXFileReference; lastKnownFileType = image.png; path = pozemne_vizualne_navestia_01.png; sourceTree = "<group>"; };
		142B6E052596485700FB7609 /* pozemne_vizualne_navestia_08.png */ = {isa = PBXFileReference; lastKnownFileType = image.png; path = pozemne_vizualne_navestia_08.png; sourceTree = "<group>"; };
		142B6E062596485700FB7609 /* radiotechnika_x04_07.jpg */ = {isa = PBXFileReference; lastKnownFileType = image.jpeg; path = radiotechnika_x04_07.jpg; sourceTree = "<group>"; };
		142B6E2725964FCF00FB7609 /* aerodynamika_x66_04.jpg */ = {isa = PBXFileReference; lastKnownFileType = image.jpeg; path = aerodynamika_x66_04.jpg; sourceTree = "<group>"; };
		142B6E2825964FCF00FB7609 /* aerodynamika_x71_06.jpg */ = {isa = PBXFileReference; lastKnownFileType = image.jpeg; path = aerodynamika_x71_06.jpg; sourceTree = "<group>"; };
		142B6E2925964FCF00FB7609 /* aerodynamika_x71_05.jpg */ = {isa = PBXFileReference; lastKnownFileType = image.jpeg; path = aerodynamika_x71_05.jpg; sourceTree = "<group>"; };
		142B6E2A25964FCF00FB7609 /* aerodynamika_x65_02.jpg */ = {isa = PBXFileReference; lastKnownFileType = image.jpeg; path = aerodynamika_x65_02.jpg; sourceTree = "<group>"; };
		142B6E2B25964FCF00FB7609 /* aerodynamika_y63_09.jpg */ = {isa = PBXFileReference; lastKnownFileType = image.jpeg; path = aerodynamika_y63_09.jpg; sourceTree = "<group>"; };
		142B6E2C25964FCF00FB7609 /* aerodynamika_x64_10.jpg */ = {isa = PBXFileReference; lastKnownFileType = image.jpeg; path = aerodynamika_x64_10.jpg; sourceTree = "<group>"; };
		142B6E2D25964FCF00FB7609 /* aerodynamika_x71_01.jpg */ = {isa = PBXFileReference; lastKnownFileType = image.jpeg; path = aerodynamika_x71_01.jpg; sourceTree = "<group>"; };
		142B6E2E25964FCF00FB7609 /* aerodynamika_x65_10.jpg */ = {isa = PBXFileReference; lastKnownFileType = image.jpeg; path = aerodynamika_x65_10.jpg; sourceTree = "<group>"; };
		142B6E2F25964FCF00FB7609 /* aerodynamika_x69_15.jpg */ = {isa = PBXFileReference; lastKnownFileType = image.jpeg; path = aerodynamika_x69_15.jpg; sourceTree = "<group>"; };
		142B6E3025964FCF00FB7609 /* aerodynamika_x64_06.jpg */ = {isa = PBXFileReference; lastKnownFileType = image.jpeg; path = aerodynamika_x64_06.jpg; sourceTree = "<group>"; };
		142B6E3125964FCF00FB7609 /* aerodynamika_x64_11.jpg */ = {isa = PBXFileReference; lastKnownFileType = image.jpeg; path = aerodynamika_x64_11.jpg; sourceTree = "<group>"; };
		142B6E3225964FD000FB7609 /* aerodynamika_x64_07.jpg */ = {isa = PBXFileReference; lastKnownFileType = image.jpeg; path = aerodynamika_x64_07.jpg; sourceTree = "<group>"; };
		142B6E3325964FD000FB7609 /* aerodynamika_x68_15.jpg */ = {isa = PBXFileReference; lastKnownFileType = image.jpeg; path = aerodynamika_x68_15.jpg; sourceTree = "<group>"; };
		142B6E3425964FD000FB7609 /* aerodynamika_x68_02.jpg */ = {isa = PBXFileReference; lastKnownFileType = image.jpeg; path = aerodynamika_x68_02.jpg; sourceTree = "<group>"; };
		142B6E3525964FD000FB7609 /* aerodynamika_x66_08.jpg */ = {isa = PBXFileReference; lastKnownFileType = image.jpeg; path = aerodynamika_x66_08.jpg; sourceTree = "<group>"; };
		142B6E3625964FD000FB7609 /* aerodynamika_x69_05.jpg */ = {isa = PBXFileReference; lastKnownFileType = image.jpeg; path = aerodynamika_x69_05.jpg; sourceTree = "<group>"; };
		142B6E3725964FD000FB7609 /* aerodynamika_x68_14.jpg */ = {isa = PBXFileReference; lastKnownFileType = image.jpeg; path = aerodynamika_x68_14.jpg; sourceTree = "<group>"; };
		142B6E3825964FD000FB7609 /* aerodynamika_y63_11.jpg */ = {isa = PBXFileReference; lastKnownFileType = image.jpeg; path = aerodynamika_y63_11.jpg; sourceTree = "<group>"; };
		142B6E3925964FD000FB7609 /* aerodynamika_x68_10.jpg */ = {isa = PBXFileReference; lastKnownFileType = image.jpeg; path = aerodynamika_x68_10.jpg; sourceTree = "<group>"; };
		142B6E3A25964FD000FB7609 /* aerodynamika_x66_11.jpg */ = {isa = PBXFileReference; lastKnownFileType = image.jpeg; path = aerodynamika_x66_11.jpg; sourceTree = "<group>"; };
		142B6E3B25964FD000FB7609 /* aerodynamika_x66_06.jpg */ = {isa = PBXFileReference; lastKnownFileType = image.jpeg; path = aerodynamika_x66_06.jpg; sourceTree = "<group>"; };
		142B6E3C25964FD000FB7609 /* aerodynamika_x64_17.jpg */ = {isa = PBXFileReference; lastKnownFileType = image.jpeg; path = aerodynamika_x64_17.jpg; sourceTree = "<group>"; };
		142B6E3D25964FD000FB7609 /* aerodynamika_x66_07.jpg */ = {isa = PBXFileReference; lastKnownFileType = image.jpeg; path = aerodynamika_x66_07.jpg; sourceTree = "<group>"; };
		142B6E3E25964FD000FB7609 /* aerodynamika_x66_12.jpg */ = {isa = PBXFileReference; lastKnownFileType = image.jpeg; path = aerodynamika_x66_12.jpg; sourceTree = "<group>"; };
		142B6E3F25964FD000FB7609 /* aerodynamika_x66_09.jpg */ = {isa = PBXFileReference; lastKnownFileType = image.jpeg; path = aerodynamika_x66_09.jpg; sourceTree = "<group>"; };
		142B6E4025964FD100FB7609 /* aerodynamika_x66_10.jpg */ = {isa = PBXFileReference; lastKnownFileType = image.jpeg; path = aerodynamika_x66_10.jpg; sourceTree = "<group>"; };
		142B6E4125964FD100FB7609 /* aerodynamika_x68_13.jpg */ = {isa = PBXFileReference; lastKnownFileType = image.jpeg; path = aerodynamika_x68_13.jpg; sourceTree = "<group>"; };
		142B6E4225964FD100FB7609 /* aerodynamika_x65_04.jpg */ = {isa = PBXFileReference; lastKnownFileType = image.jpeg; path = aerodynamika_x65_04.jpg; sourceTree = "<group>"; };
		142B6E4325964FD100FB7609 /* aerodynamika_x66_05.jpg */ = {isa = PBXFileReference; lastKnownFileType = image.jpeg; path = aerodynamika_x66_05.jpg; sourceTree = "<group>"; };
		142B6E4425964FD100FB7609 /* aerodynamika_x65_03.jpg */ = {isa = PBXFileReference; lastKnownFileType = image.jpeg; path = aerodynamika_x65_03.jpg; sourceTree = "<group>"; };
		142B6E4525964FD100FB7609 /* aerodynamika_x63_20.jpg */ = {isa = PBXFileReference; lastKnownFileType = image.jpeg; path = aerodynamika_x63_20.jpg; sourceTree = "<group>"; };
		142B6E4625964FD100FB7609 /* aerodynamika_x67_19.jpg */ = {isa = PBXFileReference; lastKnownFileType = image.jpeg; path = aerodynamika_x67_19.jpg; sourceTree = "<group>"; };
		142B6E4725964FD100FB7609 /* aerodynamika_x69_16.jpg */ = {isa = PBXFileReference; lastKnownFileType = image.jpeg; path = aerodynamika_x69_16.jpg; sourceTree = "<group>"; };
		142B6E4825964FD100FB7609 /* aerodynamika_y63_16.jpg */ = {isa = PBXFileReference; lastKnownFileType = image.jpeg; path = aerodynamika_y63_16.jpg; sourceTree = "<group>"; };
		142B6E6C25964FDF00FB7609 /* letecke_pohonne_jednotky_y34_04.jpg */ = {isa = PBXFileReference; lastKnownFileType = image.jpeg; path = letecke_pohonne_jednotky_y34_04.jpg; sourceTree = "<group>"; };
		142B6E6D25964FDF00FB7609 /* letecke_pohonne_jednotky_x31_09.jpg */ = {isa = PBXFileReference; lastKnownFileType = image.jpeg; path = letecke_pohonne_jednotky_x31_09.jpg; sourceTree = "<group>"; };
		142B6E6E25964FDF00FB7609 /* letecke_pohonne_jednotky_y31_04.jpg */ = {isa = PBXFileReference; lastKnownFileType = image.jpeg; path = letecke_pohonne_jednotky_y31_04.jpg; sourceTree = "<group>"; };
		142B6E6F25964FDF00FB7609 /* letecke_pohonne_jednotky_x35_11.jpg */ = {isa = PBXFileReference; lastKnownFileType = image.jpeg; path = letecke_pohonne_jednotky_x35_11.jpg; sourceTree = "<group>"; };
		142B6E7025964FE000FB7609 /* letecke_pohonne_jednotky_x33_11.jpg */ = {isa = PBXFileReference; lastKnownFileType = image.jpeg; path = letecke_pohonne_jednotky_x33_11.jpg; sourceTree = "<group>"; };
		142B6E7125964FE000FB7609 /* letecke_pohonne_jednotky_x33_19.jpg */ = {isa = PBXFileReference; lastKnownFileType = image.jpeg; path = letecke_pohonne_jednotky_x33_19.jpg; sourceTree = "<group>"; };
		142B6E7225964FE000FB7609 /* letecke_pohonne_jednotky_y32_08.jpg */ = {isa = PBXFileReference; lastKnownFileType = image.jpeg; path = letecke_pohonne_jednotky_y32_08.jpg; sourceTree = "<group>"; };
		142B6E7325964FE000FB7609 /* letecke_pohonne_jednotky_y33_11.jpg */ = {isa = PBXFileReference; lastKnownFileType = image.jpeg; path = letecke_pohonne_jednotky_y33_11.jpg; sourceTree = "<group>"; };
		142B6E7D25964FED00FB7609 /* meteorologia_x24_18.jpg */ = {isa = PBXFileReference; lastKnownFileType = image.jpeg; path = meteorologia_x24_18.jpg; sourceTree = "<group>"; };
		142B6E8125964FFA00FB7609 /* meteorologia_x24_13.jpg */ = {isa = PBXFileReference; lastKnownFileType = image.jpeg; path = meteorologia_x24_13.jpg; sourceTree = "<group>"; };
		142B6E8225964FFA00FB7609 /* meteorologia_x26_10.jpg */ = {isa = PBXFileReference; lastKnownFileType = image.jpeg; path = meteorologia_x26_10.jpg; sourceTree = "<group>"; };
		142B6E8325964FFA00FB7609 /* meteorologia_x25_14.jpg */ = {isa = PBXFileReference; lastKnownFileType = image.jpeg; path = meteorologia_x25_14.jpg; sourceTree = "<group>"; };
		142B6E8425964FFA00FB7609 /* meteorologia_x26_04.jpg */ = {isa = PBXFileReference; lastKnownFileType = image.jpeg; path = meteorologia_x26_04.jpg; sourceTree = "<group>"; };
		142B6E8525964FFA00FB7609 /* meteorologia_x26_16.jpg */ = {isa = PBXFileReference; lastKnownFileType = image.jpeg; path = meteorologia_x26_16.jpg; sourceTree = "<group>"; };
		142B6E8625964FFA00FB7609 /* meteorologia_x26_08.jpg */ = {isa = PBXFileReference; lastKnownFileType = image.jpeg; path = meteorologia_x26_08.jpg; sourceTree = "<group>"; };
		142B6E8725964FFA00FB7609 /* meteorologia_x25_15.jpg */ = {isa = PBXFileReference; lastKnownFileType = image.jpeg; path = meteorologia_x25_15.jpg; sourceTree = "<group>"; };
		142B6E8825964FFA00FB7609 /* meteorologia_x25_09.jpg */ = {isa = PBXFileReference; lastKnownFileType = image.jpeg; path = meteorologia_x25_09.jpg; sourceTree = "<group>"; };
		142B6E8925964FFA00FB7609 /* meteorologia_x26_01.jpg */ = {isa = PBXFileReference; lastKnownFileType = image.jpeg; path = meteorologia_x26_01.jpg; sourceTree = "<group>"; };
		142B6E8A25964FFA00FB7609 /* meteorologia_x25_08.jpg */ = {isa = PBXFileReference; lastKnownFileType = image.jpeg; path = meteorologia_x25_08.jpg; sourceTree = "<group>"; };
		142B6E8B25964FFB00FB7609 /* meteorologia_x25_07.jpg */ = {isa = PBXFileReference; lastKnownFileType = image.jpeg; path = meteorologia_x25_07.jpg; sourceTree = "<group>"; };
		142B6E8C25964FFB00FB7609 /* meteorologia_x25_10.jpg */ = {isa = PBXFileReference; lastKnownFileType = image.jpeg; path = meteorologia_x25_10.jpg; sourceTree = "<group>"; };
		142B6E8D25964FFB00FB7609 /* meteorologia_x26_18.jpg */ = {isa = PBXFileReference; lastKnownFileType = image.jpeg; path = meteorologia_x26_18.jpg; sourceTree = "<group>"; };
		142B6E8E25964FFB00FB7609 /* meteorologia_x26_20.jpg */ = {isa = PBXFileReference; lastKnownFileType = image.jpeg; path = meteorologia_x26_20.jpg; sourceTree = "<group>"; };
		142B6E8F25964FFB00FB7609 /* meteorologia_x24_04.jpg */ = {isa = PBXFileReference; lastKnownFileType = image.jpeg; path = meteorologia_x24_04.jpg; sourceTree = "<group>"; };
		142B6E9025964FFB00FB7609 /* meteorologia_x25_16.jpg */ = {isa = PBXFileReference; lastKnownFileType = image.jpeg; path = meteorologia_x25_16.jpg; sourceTree = "<group>"; };
		142B6E9125964FFB00FB7609 /* meteorologia_x25_19.jpg */ = {isa = PBXFileReference; lastKnownFileType = image.jpeg; path = meteorologia_x25_19.jpg; sourceTree = "<group>"; };
		142B6E9225964FFB00FB7609 /* meteorologia_x26_17.jpg */ = {isa = PBXFileReference; lastKnownFileType = image.jpeg; path = meteorologia_x26_17.jpg; sourceTree = "<group>"; };
		142B6E9325964FFB00FB7609 /* meteorologia_x26_03.jpg */ = {isa = PBXFileReference; lastKnownFileType = image.jpeg; path = meteorologia_x26_03.jpg; sourceTree = "<group>"; };
		142B6E9425964FFB00FB7609 /* meteorologia_x26_06.jpg */ = {isa = PBXFileReference; lastKnownFileType = image.jpeg; path = meteorologia_x26_06.jpg; sourceTree = "<group>"; };
		142B6E9525964FFB00FB7609 /* meteorologia_x27_02.jpg */ = {isa = PBXFileReference; lastKnownFileType = image.jpeg; path = meteorologia_x27_02.jpg; sourceTree = "<group>"; };
		142B6E9625964FFB00FB7609 /* meteorologia_x26_07.jpg */ = {isa = PBXFileReference; lastKnownFileType = image.jpeg; path = meteorologia_x26_07.jpg; sourceTree = "<group>"; };
		142B6E9725964FFB00FB7609 /* meteorologia_x24_16.jpg */ = {isa = PBXFileReference; lastKnownFileType = image.jpeg; path = meteorologia_x24_16.jpg; sourceTree = "<group>"; };
		142B6E9825964FFC00FB7609 /* meteorologia_x25_06.jpg */ = {isa = PBXFileReference; lastKnownFileType = image.jpeg; path = meteorologia_x25_06.jpg; sourceTree = "<group>"; };
		142B6E9925964FFC00FB7609 /* meteorologia_x25_05.jpg */ = {isa = PBXFileReference; lastKnownFileType = image.jpeg; path = meteorologia_x25_05.jpg; sourceTree = "<group>"; };
		142B6E9A25964FFC00FB7609 /* meteorologia_x24_11.jpg */ = {isa = PBXFileReference; lastKnownFileType = image.jpeg; path = meteorologia_x24_11.jpg; sourceTree = "<group>"; };
		142B6E9B25964FFC00FB7609 /* meteorologia_x24_07.jpg */ = {isa = PBXFileReference; lastKnownFileType = image.jpeg; path = meteorologia_x24_07.jpg; sourceTree = "<group>"; };
		142B6E9C25964FFC00FB7609 /* meteorologia_x25_12.jpg */ = {isa = PBXFileReference; lastKnownFileType = image.jpeg; path = meteorologia_x25_12.jpg; sourceTree = "<group>"; };
		142B6E9D25964FFC00FB7609 /* meteorologia_x25_04.jpg */ = {isa = PBXFileReference; lastKnownFileType = image.jpeg; path = meteorologia_x25_04.jpg; sourceTree = "<group>"; };
		142B6E9E25964FFC00FB7609 /* meteorologia_x27_04.jpg */ = {isa = PBXFileReference; lastKnownFileType = image.jpeg; path = meteorologia_x27_04.jpg; sourceTree = "<group>"; };
		142B6E9F25964FFC00FB7609 /* meteorologia_x26_12.jpg */ = {isa = PBXFileReference; lastKnownFileType = image.jpeg; path = meteorologia_x26_12.jpg; sourceTree = "<group>"; };
		142B6EA025964FFC00FB7609 /* meteorologia_x25_02.jpg */ = {isa = PBXFileReference; lastKnownFileType = image.jpeg; path = meteorologia_x25_02.jpg; sourceTree = "<group>"; };
		142B6EA125964FFC00FB7609 /* meteorologia_x24_09.jpg */ = {isa = PBXFileReference; lastKnownFileType = image.jpeg; path = meteorologia_x24_09.jpg; sourceTree = "<group>"; };
		142B6EC52596500A00FB7609 /* palubne_pristroje_y10_03.jpg */ = {isa = PBXFileReference; lastKnownFileType = image.jpeg; path = palubne_pristroje_y10_03.jpg; sourceTree = "<group>"; };
		142B6EC62596500A00FB7609 /* palubne_pristroje_x08_14.png */ = {isa = PBXFileReference; lastKnownFileType = image.png; path = palubne_pristroje_x08_14.png; sourceTree = "<group>"; };
		142B6EC72596500A00FB7609 /* palubne_pristroje_y06_18.jpg */ = {isa = PBXFileReference; lastKnownFileType = image.jpeg; path = palubne_pristroje_y06_18.jpg; sourceTree = "<group>"; };
		142B6EC82596500A00FB7609 /* palubne_pristroje_x07_14.jpg */ = {isa = PBXFileReference; lastKnownFileType = image.jpeg; path = palubne_pristroje_x07_14.jpg; sourceTree = "<group>"; };
		142B6EC92596500A00FB7609 /* palubne_pristroje_y06_01.jpg */ = {isa = PBXFileReference; lastKnownFileType = image.jpeg; path = palubne_pristroje_y06_01.jpg; sourceTree = "<group>"; };
		142B6ECA2596500A00FB7609 /* palubne_pristroje_x08_09.jpg */ = {isa = PBXFileReference; lastKnownFileType = image.jpeg; path = palubne_pristroje_x08_09.jpg; sourceTree = "<group>"; };
		1450EC3225600CD800750D03 /* FlightTests.app */ = {isa = PBXFileReference; explicitFileType = wrapper.application; includeInIndex = 0; path = FlightTests.app; sourceTree = BUILT_PRODUCTS_DIR; };
		1450EC3525600CD800750D03 /* AppDelegate.swift */ = {isa = PBXFileReference; lastKnownFileType = sourcecode.swift; path = AppDelegate.swift; sourceTree = "<group>"; };
		1450EC3725600CD800750D03 /* SceneDelegate.swift */ = {isa = PBXFileReference; lastKnownFileType = sourcecode.swift; path = SceneDelegate.swift; sourceTree = "<group>"; };
		1450EC3C25600CD800750D03 /* Base */ = {isa = PBXFileReference; lastKnownFileType = file.storyboard; name = Base; path = Base.lproj/Main.storyboard; sourceTree = "<group>"; };
		1450EC4125600CD900750D03 /* Assets.xcassets */ = {isa = PBXFileReference; lastKnownFileType = folder.assetcatalog; path = Assets.xcassets; sourceTree = "<group>"; };
		1450EC4425600CD900750D03 /* Base */ = {isa = PBXFileReference; lastKnownFileType = file.storyboard; name = Base; path = Base.lproj/LaunchScreen.storyboard; sourceTree = "<group>"; };
		1450EC4625600CD900750D03 /* Info.plist */ = {isa = PBXFileReference; lastKnownFileType = text.plist.xml; path = Info.plist; sourceTree = "<group>"; };
		14512F0C2579A5430047FA7D /* data.json */ = {isa = PBXFileReference; fileEncoding = 4; lastKnownFileType = text.json; path = data.json; sourceTree = "<group>"; };
		145BC7E82565C7AC00AB9049 /* TestViewController.swift */ = {isa = PBXFileReference; lastKnownFileType = sourcecode.swift; path = TestViewController.swift; sourceTree = "<group>"; };
		145BC7EB2565D48900AB9049 /* AnswerButton.swift */ = {isa = PBXFileReference; lastKnownFileType = sourcecode.swift; path = AnswerButton.swift; sourceTree = "<group>"; };
		1466796925810E610019B107 /* StatisticsViewController.swift */ = {isa = PBXFileReference; lastKnownFileType = sourcecode.swift; path = StatisticsViewController.swift; sourceTree = "<group>"; };
		1466796C25810F980019B107 /* Statistics.swift */ = {isa = PBXFileReference; lastKnownFileType = sourcecode.swift; path = Statistics.swift; sourceTree = "<group>"; };
		1466796F2581510A0019B107 /* DbHelper.swift */ = {isa = PBXFileReference; lastKnownFileType = sourcecode.swift; path = DbHelper.swift; sourceTree = "<group>"; };
		147BE61F2580E87300296434 /* thumbsup.json */ = {isa = PBXFileReference; fileEncoding = 4; lastKnownFileType = text.json; path = thumbsup.json; sourceTree = "<group>"; };
		147BE6222580E87C00296434 /* sad-face.json */ = {isa = PBXFileReference; fileEncoding = 4; lastKnownFileType = text.json; path = "sad-face.json"; sourceTree = "<group>"; };
		147C8E0B2582A3F900EC5413 /* PaddingLabel.swift */ = {isa = PBXFileReference; lastKnownFileType = sourcecode.swift; path = PaddingLabel.swift; sourceTree = "<group>"; };
		148E2D7D257A93D20027BCF9 /* TestDetailViewController.swift */ = {isa = PBXFileReference; lastKnownFileType = sourcecode.swift; path = TestDetailViewController.swift; sourceTree = "<group>"; };
		148E2D88257AA0D70027BCF9 /* DataService.swift */ = {isa = PBXFileReference; lastKnownFileType = sourcecode.swift; path = DataService.swift; sourceTree = "<group>"; };
		149380602571CA4D000B809C /* EvaluateViewController.swift */ = {isa = PBXFileReference; lastKnownFileType = sourcecode.swift; path = EvaluateViewController.swift; sourceTree = "<group>"; };
		14C769F52587C232002D0426 /* UserTest.swift */ = {isa = PBXFileReference; lastKnownFileType = sourcecode.swift; path = UserTest.swift; sourceTree = "<group>"; };
		14C769F82587F49F002D0426 /* OldTestsTableViewController.swift */ = {isa = PBXFileReference; lastKnownFileType = sourcecode.swift; path = OldTestsTableViewController.swift; sourceTree = "<group>"; };
		14C769FB2587F9E3002D0426 /* OldTestViewController.swift */ = {isa = PBXFileReference; lastKnownFileType = sourcecode.swift; path = OldTestViewController.swift; sourceTree = "<group>"; };
		14D752C125656AB80033B313 /* HomeViewController.swift */ = {isa = PBXFileReference; lastKnownFileType = sourcecode.swift; path = HomeViewController.swift; sourceTree = "<group>"; };
		14D752C425657B500033B313 /* AllTestsTableViewController.swift */ = {isa = PBXFileReference; lastKnownFileType = sourcecode.swift; path = AllTestsTableViewController.swift; sourceTree = "<group>"; };
		14DB3ED6256910B50044CD35 /* Question.swift */ = {isa = PBXFileReference; lastKnownFileType = sourcecode.swift; path = Question.swift; sourceTree = "<group>"; };
		14DB3EDA256911690044CD35 /* Test.swift */ = {isa = PBXFileReference; lastKnownFileType = sourcecode.swift; path = Test.swift; sourceTree = "<group>"; };
		14EE349125988F2A0065F584 /* meteorologia.json */ = {isa = PBXFileReference; lastKnownFileType = text.json; path = meteorologia.json; sourceTree = "<group>"; };
		14EE3494259890390065F584 /* palubne_pristroje.json */ = {isa = PBXFileReference; lastKnownFileType = text.json; path = palubne_pristroje.json; sourceTree = "<group>"; };
		14EE3497259893820065F584 /* spojovaci_predpis_a_komunikacia.json */ = {isa = PBXFileReference; lastKnownFileType = text.json; path = spojovaci_predpis_a_komunikacia.json; sourceTree = "<group>"; };
		14EE349A259893E70065F584 /* radiotechnika.json */ = {isa = PBXFileReference; lastKnownFileType = text.json; path = radiotechnika.json; sourceTree = "<group>"; };
		14EE349D259894EA0065F584 /* letecke_pravne_predpisy.json */ = {isa = PBXFileReference; lastKnownFileType = text.json; path = letecke_pravne_predpisy.json; sourceTree = "<group>"; };
		19225FCBD3940B16B3620281 /* Pods_FlightTests.framework */ = {isa = PBXFileReference; explicitFileType = wrapper.framework; includeInIndex = 0; path = Pods_FlightTests.framework; sourceTree = BUILT_PRODUCTS_DIR; };
		3E857DDF5146B2BA0F9B5CA5 /* Pods-FlightTests.release.xcconfig */ = {isa = PBXFileReference; includeInIndex = 1; lastKnownFileType = text.xcconfig; name = "Pods-FlightTests.release.xcconfig"; path = "Target Support Files/Pods-FlightTests/Pods-FlightTests.release.xcconfig"; sourceTree = "<group>"; };
		C4D6BAE38E5553F877F7BBB9 /* Pods-FlightTests.debug.xcconfig */ = {isa = PBXFileReference; includeInIndex = 1; lastKnownFileType = text.xcconfig; name = "Pods-FlightTests.debug.xcconfig"; path = "Target Support Files/Pods-FlightTests/Pods-FlightTests.debug.xcconfig"; sourceTree = "<group>"; };
/* End PBXFileReference section */

/* Begin PBXFrameworksBuildPhase section */
		1450EC2F25600CD800750D03 /* Frameworks */ = {
			isa = PBXFrameworksBuildPhase;
			buildActionMask = 2147483647;
			files = (
				62B6C31D86917353F5652271 /* Pods_FlightTests.framework in Frameworks */,
			);
			runOnlyForDeploymentPostprocessing = 0;
		};
/* End PBXFrameworksBuildPhase section */

/* Begin PBXGroup section */
		0256D4FF5745A451E152BAA0 /* Frameworks */ = {
			isa = PBXGroup;
			children = (
				19225FCBD3940B16B3620281 /* Pods_FlightTests.framework */,
			);
			name = Frameworks;
			sourceTree = "<group>";
		};
		1408C5E525802C6900F79C0E /* fonts */ = {
			isa = PBXGroup;
			children = (
				1408C5E625802C7C00F79C0E /* BreeSerif-Regular.ttf */,
			);
			path = fonts;
			sourceTree = "<group>";
		};
		142B6DC42596276D00FB7609 /* datas */ = {
			isa = PBXGroup;
			children = (
				142B6DC525963D5C00FB7609 /* elektrotechnika.json */,
				142B6DC825963E0400FB7609 /* letecka_anglictina.json */,
				142B6DCB25963F1900FB7609 /* letecka_doprava.json */,
				142B6DCE25963FB500FB7609 /* letecke_pohonne_jednotky.json */,
				142B6DD12596408B00FB7609 /* letiska_l-14.json */,
				142B6DD42596412100FB7609 /* postupy_pre_letove_prevadzkove_sluzby.json */,
				142B6DD7259641B300FB7609 /* pravidla_lietania.json */,
				142B6DDA2596423A00FB7609 /* predpis_o_lps.json */,
				142B6DDD259642A900FB7609 /* prevadzka_lietadiel.json */,
				14EE349125988F2A0065F584 /* meteorologia.json */,
				14EE3494259890390065F584 /* palubne_pristroje.json */,
				14EE3497259893820065F584 /* spojovaci_predpis_a_komunikacia.json */,
				14EE349A259893E70065F584 /* radiotechnika.json */,
				14EE349D259894EA0065F584 /* letecke_pravne_predpisy.json */,
			);
			name = datas;
			sourceTree = "<group>";
		};
		142B6DE02596483700FB7609 /* Assets */ = {
			isa = PBXGroup;
			children = (
				142B6DE12596483700FB7609 /* Assets.xcassets */,
				142B6DE22596483700FB7609 /* background.jpg */,
				142B6DE32596483700FB7609 /* airplane.json */,
			);
			name = Assets;
			sourceTree = "<group>";
		};
		1450EC2925600CD800750D03 = {
			isa = PBXGroup;
			children = (
				1450EC3425600CD800750D03 /* FlightTests */,
				0256D4FF5745A451E152BAA0 /* Frameworks */,
				7CEB1CFC768B2D2A99C45E93 /* Pods */,
				1450EC3325600CD800750D03 /* Products */,
			);
			sourceTree = "<group>";
		};
		1450EC3325600CD800750D03 /* Products */ = {
			isa = PBXGroup;
			children = (
				1450EC3225600CD800750D03 /* FlightTests.app */,
			);
			name = Products;
			sourceTree = "<group>";
		};
		1450EC3425600CD800750D03 /* FlightTests */ = {
			isa = PBXGroup;
			children = (
				142B6DC42596276D00FB7609 /* datas */,
				147BE6222580E87C00296434 /* sad-face.json */,
				147BE61F2580E87300296434 /* thumbsup.json */,
				1408C5E525802C6900F79C0E /* fonts */,
				1408C5E22580299B00F79C0E /* plane.json */,
				1408C5DF2580298900F79C0E /* cloud.json */,
				14512F0C2579A5430047FA7D /* data.json */,
				14D752A8256561B70033B313 /* Assets */,
				14DB3EDD256912B90044CD35 /* Controllers  */,
				14DB3ED5256910AB0044CD35 /* Model */,
				14D752BD2565685C0033B313 /* Splash */,
				145BC7EB2565D48900AB9049 /* AnswerButton.swift */,
				1450EC3525600CD800750D03 /* AppDelegate.swift */,
				1450EC4625600CD900750D03 /* Info.plist */,
				1450EC4325600CD900750D03 /* LaunchScreen.storyboard */,
				1450EC3B25600CD800750D03 /* Main.storyboard */,
				1450EC3725600CD800750D03 /* SceneDelegate.swift */,
				148E2D88257AA0D70027BCF9 /* DataService.swift */,
				140F6329257B7AE700F801B5 /* CircleButton.swift */,
				1466796F2581510A0019B107 /* DbHelper.swift */,
				147C8E0B2582A3F900EC5413 /* PaddingLabel.swift */,
			);
			path = FlightTests;
			sourceTree = "<group>";
		};
		14D752A8256561B70033B313 /* Assets */ = {
			isa = PBXGroup;
			children = (
				142B6EC82596500A00FB7609 /* palubne_pristroje_x07_14.jpg */,
				142B6ECA2596500A00FB7609 /* palubne_pristroje_x08_09.jpg */,
				142B6EC62596500A00FB7609 /* palubne_pristroje_x08_14.png */,
				142B6EC92596500A00FB7609 /* palubne_pristroje_y06_01.jpg */,
				142B6EC72596500A00FB7609 /* palubne_pristroje_y06_18.jpg */,
				142B6EC52596500A00FB7609 /* palubne_pristroje_y10_03.jpg */,
				142B6E8F25964FFB00FB7609 /* meteorologia_x24_04.jpg */,
				142B6E9B25964FFC00FB7609 /* meteorologia_x24_07.jpg */,
				142B6EA125964FFC00FB7609 /* meteorologia_x24_09.jpg */,
				142B6E9A25964FFC00FB7609 /* meteorologia_x24_11.jpg */,
				142B6E8125964FFA00FB7609 /* meteorologia_x24_13.jpg */,
				142B6E9725964FFB00FB7609 /* meteorologia_x24_16.jpg */,
				142B6E7D25964FED00FB7609 /* meteorologia_x24_18.jpg */,
				142B6EA025964FFC00FB7609 /* meteorologia_x25_02.jpg */,
				142B6E9D25964FFC00FB7609 /* meteorologia_x25_04.jpg */,
				142B6E9925964FFC00FB7609 /* meteorologia_x25_05.jpg */,
				142B6E9825964FFC00FB7609 /* meteorologia_x25_06.jpg */,
				142B6E8B25964FFB00FB7609 /* meteorologia_x25_07.jpg */,
				142B6E8A25964FFA00FB7609 /* meteorologia_x25_08.jpg */,
				142B6E8825964FFA00FB7609 /* meteorologia_x25_09.jpg */,
				142B6E8C25964FFB00FB7609 /* meteorologia_x25_10.jpg */,
				142B6E9C25964FFC00FB7609 /* meteorologia_x25_12.jpg */,
				142B6E8325964FFA00FB7609 /* meteorologia_x25_14.jpg */,
				142B6E8725964FFA00FB7609 /* meteorologia_x25_15.jpg */,
				142B6E9025964FFB00FB7609 /* meteorologia_x25_16.jpg */,
				142B6E9125964FFB00FB7609 /* meteorologia_x25_19.jpg */,
				142B6E8925964FFA00FB7609 /* meteorologia_x26_01.jpg */,
				142B6E9325964FFB00FB7609 /* meteorologia_x26_03.jpg */,
				142B6E8425964FFA00FB7609 /* meteorologia_x26_04.jpg */,
				142B6E9425964FFB00FB7609 /* meteorologia_x26_06.jpg */,
				142B6E9625964FFB00FB7609 /* meteorologia_x26_07.jpg */,
				142B6E8625964FFA00FB7609 /* meteorologia_x26_08.jpg */,
				142B6E8225964FFA00FB7609 /* meteorologia_x26_10.jpg */,
				142B6E9F25964FFC00FB7609 /* meteorologia_x26_12.jpg */,
				142B6E8525964FFA00FB7609 /* meteorologia_x26_16.jpg */,
				142B6E9225964FFB00FB7609 /* meteorologia_x26_17.jpg */,
				142B6E8D25964FFB00FB7609 /* meteorologia_x26_18.jpg */,
				142B6E8E25964FFB00FB7609 /* meteorologia_x26_20.jpg */,
				142B6E9525964FFB00FB7609 /* meteorologia_x27_02.jpg */,
				142B6E9E25964FFC00FB7609 /* meteorologia_x27_04.jpg */,
				142B6E6D25964FDF00FB7609 /* letecke_pohonne_jednotky_x31_09.jpg */,
				142B6E7025964FE000FB7609 /* letecke_pohonne_jednotky_x33_11.jpg */,
				142B6E7125964FE000FB7609 /* letecke_pohonne_jednotky_x33_19.jpg */,
				142B6E6F25964FDF00FB7609 /* letecke_pohonne_jednotky_x35_11.jpg */,
				142B6E6E25964FDF00FB7609 /* letecke_pohonne_jednotky_y31_04.jpg */,
				142B6E7225964FE000FB7609 /* letecke_pohonne_jednotky_y32_08.jpg */,
				142B6E7325964FE000FB7609 /* letecke_pohonne_jednotky_y33_11.jpg */,
				142B6E6C25964FDF00FB7609 /* letecke_pohonne_jednotky_y34_04.jpg */,
				142B6E4525964FD100FB7609 /* aerodynamika_x63_20.jpg */,
				142B6E3025964FCF00FB7609 /* aerodynamika_x64_06.jpg */,
				142B6E3225964FD000FB7609 /* aerodynamika_x64_07.jpg */,
				142B6E2C25964FCF00FB7609 /* aerodynamika_x64_10.jpg */,
				142B6E3125964FCF00FB7609 /* aerodynamika_x64_11.jpg */,
				142B6E3C25964FD000FB7609 /* aerodynamika_x64_17.jpg */,
				142B6E2A25964FCF00FB7609 /* aerodynamika_x65_02.jpg */,
				142B6E4425964FD100FB7609 /* aerodynamika_x65_03.jpg */,
				142B6E4225964FD100FB7609 /* aerodynamika_x65_04.jpg */,
				142B6E2E25964FCF00FB7609 /* aerodynamika_x65_10.jpg */,
				142B6E2725964FCF00FB7609 /* aerodynamika_x66_04.jpg */,
				142B6E4325964FD100FB7609 /* aerodynamika_x66_05.jpg */,
				142B6E3B25964FD000FB7609 /* aerodynamika_x66_06.jpg */,
				142B6E3D25964FD000FB7609 /* aerodynamika_x66_07.jpg */,
				142B6E3525964FD000FB7609 /* aerodynamika_x66_08.jpg */,
				142B6E3F25964FD000FB7609 /* aerodynamika_x66_09.jpg */,
				142B6E4025964FD100FB7609 /* aerodynamika_x66_10.jpg */,
				142B6E3A25964FD000FB7609 /* aerodynamika_x66_11.jpg */,
				142B6E3E25964FD000FB7609 /* aerodynamika_x66_12.jpg */,
				142B6E4625964FD100FB7609 /* aerodynamika_x67_19.jpg */,
				142B6E3425964FD000FB7609 /* aerodynamika_x68_02.jpg */,
				142B6E3925964FD000FB7609 /* aerodynamika_x68_10.jpg */,
				142B6E4125964FD100FB7609 /* aerodynamika_x68_13.jpg */,
				142B6E3725964FD000FB7609 /* aerodynamika_x68_14.jpg */,
				142B6E3325964FD000FB7609 /* aerodynamika_x68_15.jpg */,
				142B6E3625964FD000FB7609 /* aerodynamika_x69_05.jpg */,
				142B6E2F25964FCF00FB7609 /* aerodynamika_x69_15.jpg */,
				142B6E4725964FD100FB7609 /* aerodynamika_x69_16.jpg */,
				142B6E2D25964FCF00FB7609 /* aerodynamika_x71_01.jpg */,
				142B6E2925964FCF00FB7609 /* aerodynamika_x71_05.jpg */,
				142B6E2825964FCF00FB7609 /* aerodynamika_x71_06.jpg */,
				142B6E2B25964FCF00FB7609 /* aerodynamika_y63_09.jpg */,
				142B6E3825964FD000FB7609 /* aerodynamika_y63_11.jpg */,
				142B6E4825964FD100FB7609 /* aerodynamika_y63_16.jpg */,
				142B6E002596485600FB7609 /* letecka_navigacia_x16_01.jpg */,
				142B6DEE2596485500FB7609 /* letecka_navigacia_x16_08.jpg */,
				142B6DF02596485500FB7609 /* letecka_navigacia_y15_04.jpg */,
				142B6DF72596485600FB7609 /* letecka_navigacia_y19_01.jpg */,
				142B6E042596485700FB7609 /* pozemne_vizualne_navestia_01.png */,
				142B6DEA2596485500FB7609 /* pozemne_vizualne_navestia_02.png */,
				142B6E012596485700FB7609 /* pozemne_vizualne_navestia_03.png */,
				142B6DEF2596485500FB7609 /* pozemne_vizualne_navestia_04.png */,
				142B6DFD2596485600FB7609 /* pozemne_vizualne_navestia_05.png */,
				142B6DFA2596485600FB7609 /* pozemne_vizualne_navestia_06.png */,
				142B6DEC2596485500FB7609 /* pozemne_vizualne_navestia_07.png */,
				142B6E052596485700FB7609 /* pozemne_vizualne_navestia_08.png */,
				142B6DF92596485600FB7609 /* pozemne_vizualne_navestia_09.png */,
				142B6DFB2596485600FB7609 /* pozemne_vizualne_navestia_10.png */,
				142B6DFF2596485600FB7609 /* radiotechnika_x01_03.jpg */,
				142B6DF82596485600FB7609 /* radiotechnika_x01_18.jpg */,
				142B6DE82596485500FB7609 /* radiotechnika_x02_04.jpg */,
				142B6DF42596485600FB7609 /* radiotechnika_x04_01.jpg */,
				142B6DFE2596485600FB7609 /* radiotechnika_x04_05.jpg */,
				142B6E062596485700FB7609 /* radiotechnika_x04_07.jpg */,
				142B6DE92596485500FB7609 /* radiotechnika_x04_13.jpg */,
				142B6DF32596485600FB7609 /* vseobecne_vedomosti_x37_08.png */,
				142B6DED2596485500FB7609 /* vseobecne_vedomosti_x37_09.jpg */,
				142B6DF52596485600FB7609 /* vseobecne_vedomosti_x37_10.jpg */,
				142B6E022596485700FB7609 /* vseobecne_vedomosti_x38_03.jpg */,
				142B6DFC2596485600FB7609 /* vseobecne_vedomosti_x38_15.jpg */,
				142B6DF62596485600FB7609 /* vseobecne_vedomosti_y36_13.jpg */,
				142B6DF12596485500FB7609 /* vseobecne_vedomosti_y36_16.jpg */,
				142B6DEB2596485500FB7609 /* vseobecne_vedomosti_y37_03.jpg */,
				142B6E032596485700FB7609 /* vseobecne_vedomosti_y37_10.png */,
				142B6DF22596485500FB7609 /* vseobecne_vedomosti_y38_03.jpg */,
				142B6DE02596483700FB7609 /* Assets */,
				1450EC4125600CD900750D03 /* Assets.xcassets */,
			);
			path = Assets;
			sourceTree = "<group>";
		};
		14D752BD2565685C0033B313 /* Splash */ = {
			isa = PBXGroup;
			children = (
			);
			path = Splash;
			sourceTree = "<group>";
		};
		14DB3ED5256910AB0044CD35 /* Model */ = {
			isa = PBXGroup;
			children = (
				14DB3ED6256910B50044CD35 /* Question.swift */,
				14DB3EDA256911690044CD35 /* Test.swift */,
				1466796C25810F980019B107 /* Statistics.swift */,
				14C769F52587C232002D0426 /* UserTest.swift */,
			);
			path = Model;
			sourceTree = "<group>";
		};
		14DB3EDD256912B90044CD35 /* Controllers  */ = {
			isa = PBXGroup;
			children = (
				14D752C425657B500033B313 /* AllTestsTableViewController.swift */,
				149380602571CA4D000B809C /* EvaluateViewController.swift */,
				14D752C125656AB80033B313 /* HomeViewController.swift */,
				145BC7E82565C7AC00AB9049 /* TestViewController.swift */,
				148E2D7D257A93D20027BCF9 /* TestDetailViewController.swift */,
				140F6326257B799A00F801B5 /* NormalTestDetailViewController.swift */,
				1466796925810E610019B107 /* StatisticsViewController.swift */,
				14C769F82587F49F002D0426 /* OldTestsTableViewController.swift */,
				14C769FB2587F9E3002D0426 /* OldTestViewController.swift */,
			);
			path = "Controllers ";
			sourceTree = "<group>";
		};
		7CEB1CFC768B2D2A99C45E93 /* Pods */ = {
			isa = PBXGroup;
			children = (
				C4D6BAE38E5553F877F7BBB9 /* Pods-FlightTests.debug.xcconfig */,
				3E857DDF5146B2BA0F9B5CA5 /* Pods-FlightTests.release.xcconfig */,
			);
			path = Pods;
			sourceTree = "<group>";
		};
/* End PBXGroup section */

/* Begin PBXNativeTarget section */
		1450EC3125600CD800750D03 /* FlightTests */ = {
			isa = PBXNativeTarget;
			buildConfigurationList = 1450EC4925600CD900750D03 /* Build configuration list for PBXNativeTarget "FlightTests" */;
			buildPhases = (
				5E035413605776591F1CED16 /* [CP] Check Pods Manifest.lock */,
				1450EC2E25600CD800750D03 /* Sources */,
				1450EC2F25600CD800750D03 /* Frameworks */,
				1450EC3025600CD800750D03 /* Resources */,
				DF77F8C1D8884F6F98FE7476 /* [CP] Embed Pods Frameworks */,
			);
			buildRules = (
			);
			dependencies = (
			);
			name = FlightTests;
			productName = FlightTests;
			productReference = 1450EC3225600CD800750D03 /* FlightTests.app */;
			productType = "com.apple.product-type.application";
		};
/* End PBXNativeTarget section */

/* Begin PBXProject section */
		1450EC2A25600CD800750D03 /* Project object */ = {
			isa = PBXProject;
			attributes = {
				KnownAssetTags = (
					0,
					1,
				);
				LastSwiftUpdateCheck = 1220;
				LastUpgradeCheck = 1220;
				TargetAttributes = {
					1450EC3125600CD800750D03 = {
						CreatedOnToolsVersion = 12.2;
					};
				};
			};
			buildConfigurationList = 1450EC2D25600CD800750D03 /* Build configuration list for PBXProject "FlightTests" */;
			compatibilityVersion = "Xcode 9.3";
			developmentRegion = en;
			hasScannedForEncodings = 0;
			knownRegions = (
				en,
				Base,
			);
			mainGroup = 1450EC2925600CD800750D03;
			productRefGroup = 1450EC3325600CD800750D03 /* Products */;
			projectDirPath = "";
			projectRoot = "";
			targets = (
				1450EC3125600CD800750D03 /* FlightTests */,
			);
		};
/* End PBXProject section */

/* Begin PBXResourcesBuildPhase section */
		1450EC3025600CD800750D03 /* Resources */ = {
			isa = PBXResourcesBuildPhase;
			buildActionMask = 2147483647;
			files = (
				142B6E7A25964FE000FB7609 /* letecke_pohonne_jednotky_y32_08.jpg in Resources */,
				142B6EA525964FFC00FB7609 /* meteorologia_x25_14.jpg in Resources */,
				142B6E6825964FD100FB7609 /* aerodynamika_x67_19.jpg in Resources */,
				142B6EAD25964FFC00FB7609 /* meteorologia_x25_07.jpg in Resources */,
				142B6E6425964FD100FB7609 /* aerodynamika_x65_04.jpg in Resources */,
				142B6E242596485700FB7609 /* pozemne_vizualne_navestia_08.png in Resources */,
				142B6E5025964FD100FB7609 /* aerodynamika_x65_10.jpg in Resources */,
				142B6E7725964FE000FB7609 /* letecke_pohonne_jednotky_x35_11.jpg in Resources */,
				142B6EBB25964FFC00FB7609 /* meteorologia_x25_05.jpg in Resources */,
				142B6ECF2596500A00FB7609 /* palubne_pristroje_y06_01.jpg in Resources */,
				142B6EBE25964FFC00FB7609 /* meteorologia_x25_12.jpg in Resources */,
				142B6EBD25964FFC00FB7609 /* meteorologia_x24_07.jpg in Resources */,
				142B6E5425964FD100FB7609 /* aerodynamika_x64_07.jpg in Resources */,
				142B6EC225964FFC00FB7609 /* meteorologia_x25_02.jpg in Resources */,
				1450EC4525600CD900750D03 /* LaunchScreen.storyboard in Resources */,
				142B6EB925964FFC00FB7609 /* meteorologia_x24_16.jpg in Resources */,
				142B6DE52596483700FB7609 /* background.jpg in Resources */,
				142B6E7E25964FED00FB7609 /* meteorologia_x24_18.jpg in Resources */,
				142B6E5D25964FD100FB7609 /* aerodynamika_x66_06.jpg in Resources */,
				142B6DC625963D5C00FB7609 /* elektrotechnika.json in Resources */,
				142B6EB525964FFC00FB7609 /* meteorologia_x26_03.jpg in Resources */,
				142B6EB325964FFC00FB7609 /* meteorologia_x25_19.jpg in Resources */,
				1408C5E725802C7C00F79C0E /* BreeSerif-Regular.ttf in Resources */,
				142B6EAC25964FFC00FB7609 /* meteorologia_x25_08.jpg in Resources */,
				142B6E1A2596485700FB7609 /* pozemne_vizualne_navestia_10.png in Resources */,
				142B6E102596485700FB7609 /* vseobecne_vedomosti_y36_16.jpg in Resources */,
				142B6E112596485700FB7609 /* vseobecne_vedomosti_y38_03.jpg in Resources */,
				142B6E5E25964FD100FB7609 /* aerodynamika_x64_17.jpg in Resources */,
				142B6DE42596483700FB7609 /* Assets.xcassets in Resources */,
				142B6EC125964FFC00FB7609 /* meteorologia_x26_12.jpg in Resources */,
				142B6DD22596408B00FB7609 /* letiska_l-14.json in Resources */,
				142B6EA325964FFC00FB7609 /* meteorologia_x24_13.jpg in Resources */,
				142B6DDB2596423A00FB7609 /* predpis_o_lps.json in Resources */,
				142B6E0F2596485700FB7609 /* letecka_navigacia_y15_04.jpg in Resources */,
				142B6E5225964FD100FB7609 /* aerodynamika_x64_06.jpg in Resources */,
				142B6EBC25964FFC00FB7609 /* meteorologia_x24_11.jpg in Resources */,
				142B6EB025964FFC00FB7609 /* meteorologia_x26_20.jpg in Resources */,
				142B6ECE2596500A00FB7609 /* palubne_pristroje_x07_14.jpg in Resources */,
				142B6E192596485700FB7609 /* pozemne_vizualne_navestia_06.png in Resources */,
				142B6E6125964FD100FB7609 /* aerodynamika_x66_09.jpg in Resources */,
				142B6E4A25964FD100FB7609 /* aerodynamika_x71_06.jpg in Resources */,
				142B6E4C25964FD100FB7609 /* aerodynamika_x65_02.jpg in Resources */,
				142B6E5525964FD100FB7609 /* aerodynamika_x68_15.jpg in Resources */,
				142B6E5F25964FD100FB7609 /* aerodynamika_x66_07.jpg in Resources */,
				142B6E4B25964FD100FB7609 /* aerodynamika_x71_05.jpg in Resources */,
				142B6E1E2596485700FB7609 /* radiotechnika_x01_03.jpg in Resources */,
				142B6E1D2596485700FB7609 /* radiotechnika_x04_05.jpg in Resources */,
				142B6E5B25964FD100FB7609 /* aerodynamika_x68_10.jpg in Resources */,
				142B6E0D2596485700FB7609 /* letecka_navigacia_x16_08.jpg in Resources */,
				142B6E5625964FD100FB7609 /* aerodynamika_x68_02.jpg in Resources */,
				142B6ECD2596500A00FB7609 /* palubne_pristroje_y06_18.jpg in Resources */,
				142B6E5725964FD100FB7609 /* aerodynamika_x66_08.jpg in Resources */,
				14EE349B259893E70065F584 /* radiotechnika.json in Resources */,
				142B6DD52596412100FB7609 /* postupy_pre_letove_prevadzkove_sluzby.json in Resources */,
				142B6E122596485700FB7609 /* vseobecne_vedomosti_x37_08.png in Resources */,
				142B6E142596485700FB7609 /* vseobecne_vedomosti_x37_10.jpg in Resources */,
				142B6E0E2596485700FB7609 /* pozemne_vizualne_navestia_04.png in Resources */,
				142B6DCF25963FB500FB7609 /* letecke_pohonne_jednotky.json in Resources */,
				142B6E212596485700FB7609 /* vseobecne_vedomosti_x38_03.jpg in Resources */,
				142B6E7625964FE000FB7609 /* letecke_pohonne_jednotky_y31_04.jpg in Resources */,
				142B6E5A25964FD100FB7609 /* aerodynamika_y63_11.jpg in Resources */,
				142B6EB225964FFC00FB7609 /* meteorologia_x25_16.jpg in Resources */,
				142B6E7525964FE000FB7609 /* letecke_pohonne_jednotky_x31_09.jpg in Resources */,
				1450EC4225600CD900750D03 /* Assets.xcassets in Resources */,
				142B6E4925964FD100FB7609 /* aerodynamika_x66_04.jpg in Resources */,
				142B6E1B2596485700FB7609 /* vseobecne_vedomosti_x38_15.jpg in Resources */,
				142B6DD8259641B300FB7609 /* pravidla_lietania.json in Resources */,
				142B6EB625964FFC00FB7609 /* meteorologia_x26_06.jpg in Resources */,
				142B6E7925964FE000FB7609 /* letecke_pohonne_jednotky_x33_19.jpg in Resources */,
				142B6ECB2596500A00FB7609 /* palubne_pristroje_y10_03.jpg in Resources */,
				1450EC3D25600CD800750D03 /* Main.storyboard in Resources */,
				142B6E0B2596485700FB7609 /* pozemne_vizualne_navestia_07.png in Resources */,
				142B6E7425964FE000FB7609 /* letecke_pohonne_jednotky_y34_04.jpg in Resources */,
				142B6E152596485700FB7609 /* vseobecne_vedomosti_y36_13.jpg in Resources */,
				14EE3498259893820065F584 /* spojovaci_predpis_a_komunikacia.json in Resources */,
				142B6E0A2596485700FB7609 /* vseobecne_vedomosti_y37_03.jpg in Resources */,
				142B6EA425964FFC00FB7609 /* meteorologia_x26_10.jpg in Resources */,
				142B6DDE259642A900FB7609 /* prevadzka_lietadiel.json in Resources */,
				142B6ECC2596500A00FB7609 /* palubne_pristroje_x08_14.png in Resources */,
				142B6EA825964FFC00FB7609 /* meteorologia_x26_08.jpg in Resources */,
				142B6DE62596483700FB7609 /* airplane.json in Resources */,
				142B6E5825964FD100FB7609 /* aerodynamika_x69_05.jpg in Resources */,
				142B6E162596485700FB7609 /* letecka_navigacia_y19_01.jpg in Resources */,
				142B6E7B25964FE000FB7609 /* letecke_pohonne_jednotky_y33_11.jpg in Resources */,
				142B6E6025964FD100FB7609 /* aerodynamika_x66_12.jpg in Resources */,
				142B6EAE25964FFC00FB7609 /* meteorologia_x25_10.jpg in Resources */,
				142B6EB425964FFC00FB7609 /* meteorologia_x26_17.jpg in Resources */,
				147BE6232580E87C00296434 /* sad-face.json in Resources */,
				1408C5E02580298900F79C0E /* cloud.json in Resources */,
				142B6E6A25964FD100FB7609 /* aerodynamika_y63_16.jpg in Resources */,
				142B6E4F25964FD100FB7609 /* aerodynamika_x71_01.jpg in Resources */,
				142B6E6525964FD100FB7609 /* aerodynamika_x66_05.jpg in Resources */,
				142B6E5125964FD100FB7609 /* aerodynamika_x69_15.jpg in Resources */,
				142B6EB125964FFC00FB7609 /* meteorologia_x24_04.jpg in Resources */,
				142B6E222596485700FB7609 /* vseobecne_vedomosti_y37_10.png in Resources */,
				142B6E182596485700FB7609 /* pozemne_vizualne_navestia_09.png in Resources */,
				142B6DC925963E0400FB7609 /* letecka_anglictina.json in Resources */,
				147BE6202580E87300296434 /* thumbsup.json in Resources */,
				142B6E6925964FD100FB7609 /* aerodynamika_x69_16.jpg in Resources */,
				142B6E4E25964FD100FB7609 /* aerodynamika_x64_10.jpg in Resources */,
				142B6EAF25964FFC00FB7609 /* meteorologia_x26_18.jpg in Resources */,
				142B6ED02596500A00FB7609 /* palubne_pristroje_x08_09.jpg in Resources */,
				14EE349E259894EA0065F584 /* letecke_pravne_predpisy.json in Resources */,
				142B6E252596485700FB7609 /* radiotechnika_x04_07.jpg in Resources */,
				142B6E5325964FD100FB7609 /* aerodynamika_x64_11.jpg in Resources */,
				142B6E092596485700FB7609 /* pozemne_vizualne_navestia_02.png in Resources */,
				142B6E5925964FD100FB7609 /* aerodynamika_x68_14.jpg in Resources */,
				142B6E1C2596485700FB7609 /* pozemne_vizualne_navestia_05.png in Resources */,
				142B6DCC25963F1900FB7609 /* letecka_doprava.json in Resources */,
				142B6E232596485700FB7609 /* pozemne_vizualne_navestia_01.png in Resources */,
				142B6EA625964FFC00FB7609 /* meteorologia_x26_04.jpg in Resources */,
				142B6EA925964FFC00FB7609 /* meteorologia_x25_15.jpg in Resources */,
				142B6EAB25964FFC00FB7609 /* meteorologia_x26_01.jpg in Resources */,
				14EE349225988F2A0065F584 /* meteorologia.json in Resources */,
				142B6E132596485700FB7609 /* radiotechnika_x04_01.jpg in Resources */,
				142B6EB725964FFC00FB7609 /* meteorologia_x27_02.jpg in Resources */,
				142B6E0C2596485700FB7609 /* vseobecne_vedomosti_x37_09.jpg in Resources */,
				142B6E6225964FD100FB7609 /* aerodynamika_x66_10.jpg in Resources */,
				142B6E202596485700FB7609 /* pozemne_vizualne_navestia_03.png in Resources */,
				142B6E1F2596485700FB7609 /* letecka_navigacia_x16_01.jpg in Resources */,
				142B6EC325964FFC00FB7609 /* meteorologia_x24_09.jpg in Resources */,
				142B6EBF25964FFC00FB7609 /* meteorologia_x25_04.jpg in Resources */,
				142B6E072596485700FB7609 /* radiotechnika_x02_04.jpg in Resources */,
				1408C5E32580299B00F79C0E /* plane.json in Resources */,
				142B6E6625964FD100FB7609 /* aerodynamika_x65_03.jpg in Resources */,
				142B6E172596485700FB7609 /* radiotechnika_x01_18.jpg in Resources */,
				142B6E4D25964FD100FB7609 /* aerodynamika_y63_09.jpg in Resources */,
				142B6E7825964FE000FB7609 /* letecke_pohonne_jednotky_x33_11.jpg in Resources */,
				142B6E6325964FD100FB7609 /* aerodynamika_x68_13.jpg in Resources */,
				142B6EBA25964FFC00FB7609 /* meteorologia_x25_06.jpg in Resources */,
				142B6EA725964FFC00FB7609 /* meteorologia_x26_16.jpg in Resources */,
				142B6EAA25964FFC00FB7609 /* meteorologia_x25_09.jpg in Resources */,
				142B6EC025964FFC00FB7609 /* meteorologia_x27_04.jpg in Resources */,
				142B6E082596485700FB7609 /* radiotechnika_x04_13.jpg in Resources */,
				142B6EB825964FFC00FB7609 /* meteorologia_x26_07.jpg in Resources */,
				142B6E6725964FD100FB7609 /* aerodynamika_x63_20.jpg in Resources */,
				14512F0D2579A5430047FA7D /* data.json in Resources */,
				14EE3495259890390065F584 /* palubne_pristroje.json in Resources */,
				142B6E5C25964FD100FB7609 /* aerodynamika_x66_11.jpg in Resources */,
			);
			runOnlyForDeploymentPostprocessing = 0;
		};
/* End PBXResourcesBuildPhase section */

/* Begin PBXShellScriptBuildPhase section */
		5E035413605776591F1CED16 /* [CP] Check Pods Manifest.lock */ = {
			isa = PBXShellScriptBuildPhase;
			buildActionMask = 2147483647;
			files = (
			);
			inputFileListPaths = (
			);
			inputPaths = (
				"${PODS_PODFILE_DIR_PATH}/Podfile.lock",
				"${PODS_ROOT}/Manifest.lock",
			);
			name = "[CP] Check Pods Manifest.lock";
			outputFileListPaths = (
			);
			outputPaths = (
				"$(DERIVED_FILE_DIR)/Pods-FlightTests-checkManifestLockResult.txt",
			);
			runOnlyForDeploymentPostprocessing = 0;
			shellPath = /bin/sh;
			shellScript = "diff \"${PODS_PODFILE_DIR_PATH}/Podfile.lock\" \"${PODS_ROOT}/Manifest.lock\" > /dev/null\nif [ $? != 0 ] ; then\n    # print error to STDERR\n    echo \"error: The sandbox is not in sync with the Podfile.lock. Run 'pod install' or update your CocoaPods installation.\" >&2\n    exit 1\nfi\n# This output is used by Xcode 'outputs' to avoid re-running this script phase.\necho \"SUCCESS\" > \"${SCRIPT_OUTPUT_FILE_0}\"\n";
			showEnvVarsInLog = 0;
		};
		DF77F8C1D8884F6F98FE7476 /* [CP] Embed Pods Frameworks */ = {
			isa = PBXShellScriptBuildPhase;
			buildActionMask = 2147483647;
			files = (
			);
			inputFileListPaths = (
				"${PODS_ROOT}/Target Support Files/Pods-FlightTests/Pods-FlightTests-frameworks-${CONFIGURATION}-input-files.xcfilelist",
			);
			name = "[CP] Embed Pods Frameworks";
			outputFileListPaths = (
				"${PODS_ROOT}/Target Support Files/Pods-FlightTests/Pods-FlightTests-frameworks-${CONFIGURATION}-output-files.xcfilelist",
			);
			runOnlyForDeploymentPostprocessing = 0;
			shellPath = /bin/sh;
			shellScript = "\"${PODS_ROOT}/Target Support Files/Pods-FlightTests/Pods-FlightTests-frameworks.sh\"\n";
			showEnvVarsInLog = 0;
		};
/* End PBXShellScriptBuildPhase section */

/* Begin PBXSourcesBuildPhase section */
		1450EC2E25600CD800750D03 /* Sources */ = {
			isa = PBXSourcesBuildPhase;
			buildActionMask = 2147483647;
			files = (
				145BC7E92565C7AC00AB9049 /* TestViewController.swift in Sources */,
				145BC7EC2565D48900AB9049 /* AnswerButton.swift in Sources */,
				140F6327257B799A00F801B5 /* NormalTestDetailViewController.swift in Sources */,
				1450EC3625600CD800750D03 /* AppDelegate.swift in Sources */,
				14DB3ED7256910B50044CD35 /* Question.swift in Sources */,
				140F632A257B7AE700F801B5 /* CircleButton.swift in Sources */,
				14D752C525657B500033B313 /* AllTestsTableViewController.swift in Sources */,
				148E2D89257AA0D70027BCF9 /* DataService.swift in Sources */,
				1450EC3825600CD800750D03 /* SceneDelegate.swift in Sources */,
				14DB3EDB256911690044CD35 /* Test.swift in Sources */,
				148E2D7E257A93D20027BCF9 /* TestDetailViewController.swift in Sources */,
				149380612571CA4D000B809C /* EvaluateViewController.swift in Sources */,
				14C769F92587F49F002D0426 /* OldTestsTableViewController.swift in Sources */,
				14D752C225656AB80033B313 /* HomeViewController.swift in Sources */,
				1466796D25810F980019B107 /* Statistics.swift in Sources */,
				147C8E0C2582A3F900EC5413 /* PaddingLabel.swift in Sources */,
				14C769FC2587F9E3002D0426 /* OldTestViewController.swift in Sources */,
				1466796A25810E610019B107 /* StatisticsViewController.swift in Sources */,
				14C769F62587C232002D0426 /* UserTest.swift in Sources */,
				146679702581510A0019B107 /* DbHelper.swift in Sources */,
			);
			runOnlyForDeploymentPostprocessing = 0;
		};
/* End PBXSourcesBuildPhase section */

/* Begin PBXVariantGroup section */
		1450EC3B25600CD800750D03 /* Main.storyboard */ = {
			isa = PBXVariantGroup;
			children = (
				1450EC3C25600CD800750D03 /* Base */,
			);
			name = Main.storyboard;
			path = .;
			sourceTree = "<group>";
		};
		1450EC4325600CD900750D03 /* LaunchScreen.storyboard */ = {
			isa = PBXVariantGroup;
			children = (
				1450EC4425600CD900750D03 /* Base */,
			);
			name = LaunchScreen.storyboard;
			path = .;
			sourceTree = "<group>";
		};
/* End PBXVariantGroup section */

/* Begin XCBuildConfiguration section */
		1450EC4725600CD900750D03 /* Debug */ = {
			isa = XCBuildConfiguration;
			buildSettings = {
				ALWAYS_SEARCH_USER_PATHS = NO;
				CLANG_ANALYZER_NONNULL = YES;
				CLANG_ANALYZER_NUMBER_OBJECT_CONVERSION = YES_AGGRESSIVE;
				CLANG_CXX_LANGUAGE_STANDARD = "gnu++14";
				CLANG_CXX_LIBRARY = "libc++";
				CLANG_ENABLE_MODULES = YES;
				CLANG_ENABLE_OBJC_ARC = YES;
				CLANG_ENABLE_OBJC_WEAK = YES;
				CLANG_WARN_BLOCK_CAPTURE_AUTORELEASING = YES;
				CLANG_WARN_BOOL_CONVERSION = YES;
				CLANG_WARN_COMMA = YES;
				CLANG_WARN_CONSTANT_CONVERSION = YES;
				CLANG_WARN_DEPRECATED_OBJC_IMPLEMENTATIONS = YES;
				CLANG_WARN_DIRECT_OBJC_ISA_USAGE = YES_ERROR;
				CLANG_WARN_DOCUMENTATION_COMMENTS = YES;
				CLANG_WARN_EMPTY_BODY = YES;
				CLANG_WARN_ENUM_CONVERSION = YES;
				CLANG_WARN_INFINITE_RECURSION = YES;
				CLANG_WARN_INT_CONVERSION = YES;
				CLANG_WARN_NON_LITERAL_NULL_CONVERSION = YES;
				CLANG_WARN_OBJC_IMPLICIT_RETAIN_SELF = YES;
				CLANG_WARN_OBJC_LITERAL_CONVERSION = YES;
				CLANG_WARN_OBJC_ROOT_CLASS = YES_ERROR;
				CLANG_WARN_QUOTED_INCLUDE_IN_FRAMEWORK_HEADER = YES;
				CLANG_WARN_RANGE_LOOP_ANALYSIS = YES;
				CLANG_WARN_STRICT_PROTOTYPES = YES;
				CLANG_WARN_SUSPICIOUS_MOVE = YES;
				CLANG_WARN_UNGUARDED_AVAILABILITY = YES_AGGRESSIVE;
				CLANG_WARN_UNREACHABLE_CODE = YES;
				CLANG_WARN__DUPLICATE_METHOD_MATCH = YES;
				COPY_PHASE_STRIP = NO;
				DEBUG_INFORMATION_FORMAT = dwarf;
				ENABLE_STRICT_OBJC_MSGSEND = YES;
				ENABLE_TESTABILITY = YES;
				GCC_C_LANGUAGE_STANDARD = gnu11;
				GCC_DYNAMIC_NO_PIC = NO;
				GCC_NO_COMMON_BLOCKS = YES;
				GCC_OPTIMIZATION_LEVEL = 0;
				GCC_PREPROCESSOR_DEFINITIONS = (
					"DEBUG=1",
					"$(inherited)",
				);
				GCC_WARN_64_TO_32_BIT_CONVERSION = YES;
				GCC_WARN_ABOUT_RETURN_TYPE = YES_ERROR;
				GCC_WARN_UNDECLARED_SELECTOR = YES;
				GCC_WARN_UNINITIALIZED_AUTOS = YES_AGGRESSIVE;
				GCC_WARN_UNUSED_FUNCTION = YES;
				GCC_WARN_UNUSED_VARIABLE = YES;
				IPHONEOS_DEPLOYMENT_TARGET = 13.0;
				MTL_ENABLE_DEBUG_INFO = INCLUDE_SOURCE;
				MTL_FAST_MATH = YES;
				ONLY_ACTIVE_ARCH = YES;
				SDKROOT = iphoneos;
				SWIFT_ACTIVE_COMPILATION_CONDITIONS = DEBUG;
				SWIFT_OPTIMIZATION_LEVEL = "-Onone";
			};
			name = Debug;
		};
		1450EC4825600CD900750D03 /* Release */ = {
			isa = XCBuildConfiguration;
			buildSettings = {
				ALWAYS_SEARCH_USER_PATHS = NO;
				CLANG_ANALYZER_NONNULL = YES;
				CLANG_ANALYZER_NUMBER_OBJECT_CONVERSION = YES_AGGRESSIVE;
				CLANG_CXX_LANGUAGE_STANDARD = "gnu++14";
				CLANG_CXX_LIBRARY = "libc++";
				CLANG_ENABLE_MODULES = YES;
				CLANG_ENABLE_OBJC_ARC = YES;
				CLANG_ENABLE_OBJC_WEAK = YES;
				CLANG_WARN_BLOCK_CAPTURE_AUTORELEASING = YES;
				CLANG_WARN_BOOL_CONVERSION = YES;
				CLANG_WARN_COMMA = YES;
				CLANG_WARN_CONSTANT_CONVERSION = YES;
				CLANG_WARN_DEPRECATED_OBJC_IMPLEMENTATIONS = YES;
				CLANG_WARN_DIRECT_OBJC_ISA_USAGE = YES_ERROR;
				CLANG_WARN_DOCUMENTATION_COMMENTS = YES;
				CLANG_WARN_EMPTY_BODY = YES;
				CLANG_WARN_ENUM_CONVERSION = YES;
				CLANG_WARN_INFINITE_RECURSION = YES;
				CLANG_WARN_INT_CONVERSION = YES;
				CLANG_WARN_NON_LITERAL_NULL_CONVERSION = YES;
				CLANG_WARN_OBJC_IMPLICIT_RETAIN_SELF = YES;
				CLANG_WARN_OBJC_LITERAL_CONVERSION = YES;
				CLANG_WARN_OBJC_ROOT_CLASS = YES_ERROR;
				CLANG_WARN_QUOTED_INCLUDE_IN_FRAMEWORK_HEADER = YES;
				CLANG_WARN_RANGE_LOOP_ANALYSIS = YES;
				CLANG_WARN_STRICT_PROTOTYPES = YES;
				CLANG_WARN_SUSPICIOUS_MOVE = YES;
				CLANG_WARN_UNGUARDED_AVAILABILITY = YES_AGGRESSIVE;
				CLANG_WARN_UNREACHABLE_CODE = YES;
				CLANG_WARN__DUPLICATE_METHOD_MATCH = YES;
				COPY_PHASE_STRIP = NO;
				DEBUG_INFORMATION_FORMAT = "dwarf-with-dsym";
				ENABLE_NS_ASSERTIONS = NO;
				ENABLE_STRICT_OBJC_MSGSEND = YES;
				GCC_C_LANGUAGE_STANDARD = gnu11;
				GCC_NO_COMMON_BLOCKS = YES;
				GCC_WARN_64_TO_32_BIT_CONVERSION = YES;
				GCC_WARN_ABOUT_RETURN_TYPE = YES_ERROR;
				GCC_WARN_UNDECLARED_SELECTOR = YES;
				GCC_WARN_UNINITIALIZED_AUTOS = YES_AGGRESSIVE;
				GCC_WARN_UNUSED_FUNCTION = YES;
				GCC_WARN_UNUSED_VARIABLE = YES;
				IPHONEOS_DEPLOYMENT_TARGET = 13.0;
				MTL_ENABLE_DEBUG_INFO = NO;
				MTL_FAST_MATH = YES;
				SDKROOT = iphoneos;
				SWIFT_COMPILATION_MODE = wholemodule;
				SWIFT_OPTIMIZATION_LEVEL = "-O";
				VALIDATE_PRODUCT = YES;
			};
			name = Release;
		};
		1450EC4A25600CD900750D03 /* Debug */ = {
			isa = XCBuildConfiguration;
			baseConfigurationReference = C4D6BAE38E5553F877F7BBB9 /* Pods-FlightTests.debug.xcconfig */;
			buildSettings = {
				ASSETCATALOG_COMPILER_APPICON_NAME = AppIcon;
				ASSETCATALOG_COMPILER_GLOBAL_ACCENT_COLOR_NAME = AccentColor;
				CODE_SIGN_STYLE = Automatic;
				CURRENT_PROJECT_VERSION = 8;
				DEVELOPMENT_TEAM = 34V4L3C2GB;
				INFOPLIST_FILE = FlightTests/Info.plist;
				IPHONEOS_DEPLOYMENT_TARGET = 13.0;
				LD_RUNPATH_SEARCH_PATHS = (
					"$(inherited)",
					"@executable_path/Frameworks",
				);
				MARKETING_VERSION = 1.1;
				PRODUCT_BUNDLE_IDENTIFIER = com.jkbjhs.FlightTests;
				PRODUCT_NAME = "$(TARGET_NAME)";
				SWIFT_VERSION = 5.0;
				TARGETED_DEVICE_FAMILY = "1,2";
			};
			name = Debug;
		};
		1450EC4B25600CD900750D03 /* Release */ = {
			isa = XCBuildConfiguration;
			baseConfigurationReference = 3E857DDF5146B2BA0F9B5CA5 /* Pods-FlightTests.release.xcconfig */;
			buildSettings = {
				ASSETCATALOG_COMPILER_APPICON_NAME = AppIcon;
				ASSETCATALOG_COMPILER_GLOBAL_ACCENT_COLOR_NAME = AccentColor;
				CODE_SIGN_STYLE = Automatic;
				CURRENT_PROJECT_VERSION = 8;
				DEVELOPMENT_TEAM = 34V4L3C2GB;
				INFOPLIST_FILE = FlightTests/Info.plist;
				IPHONEOS_DEPLOYMENT_TARGET = 13.0;
				LD_RUNPATH_SEARCH_PATHS = (
					"$(inherited)",
					"@executable_path/Frameworks",
				);
				MARKETING_VERSION = 1.1;
				PRODUCT_BUNDLE_IDENTIFIER = com.jkbjhs.FlightTests;
				PRODUCT_NAME = "$(TARGET_NAME)";
				SWIFT_VERSION = 5.0;
				TARGETED_DEVICE_FAMILY = "1,2";
			};
			name = Release;
		};
/* End XCBuildConfiguration section */

/* Begin XCConfigurationList section */
		1450EC2D25600CD800750D03 /* Build configuration list for PBXProject "FlightTests" */ = {
			isa = XCConfigurationList;
			buildConfigurations = (
				1450EC4725600CD900750D03 /* Debug */,
				1450EC4825600CD900750D03 /* Release */,
			);
			defaultConfigurationIsVisible = 0;
			defaultConfigurationName = Release;
		};
		1450EC4925600CD900750D03 /* Build configuration list for PBXNativeTarget "FlightTests" */ = {
			isa = XCConfigurationList;
			buildConfigurations = (
				1450EC4A25600CD900750D03 /* Debug */,
				1450EC4B25600CD900750D03 /* Release */,
			);
			defaultConfigurationIsVisible = 0;
			defaultConfigurationName = Release;
		};
/* End XCConfigurationList section */
	};
	rootObject = 1450EC2A25600CD800750D03 /* Project object */;
}
